Microsoft Visual Studio Solution File, Format Version 12.00
# Visual Studio Version 17
VisualStudioVersion = 17.0.31912.275
MinimumVisualStudioVersion = 15.0.26124.0
Project("{2150E333-8FDC-42A3-9474-1A3956D46DE8}") = "src", "src", "{22DF5DC0-1290-4E83-A9D8-6BB7DE3B3E63}"
EndProject
Project("{2150E333-8FDC-42A3-9474-1A3956D46DE8}") = "test", "test", "{2097345F-4DD3-477D-BC54-A922F9B2B402}"
EndProject
Project("{2150E333-8FDC-42A3-9474-1A3956D46DE8}") = "Solution items", "Solution items", "{07AA0F83-22F6-4B8C-921D-029D3384CB17}"
	ProjectSection(SolutionItems) = preProject
		.editorconfig = .editorconfig
		.markdownlint.yaml = .markdownlint.yaml
		CODEOWNERS = CODEOWNERS
		CONTRIBUTING.md = CONTRIBUTING.md
		global.json = global.json
		LICENSE.TXT = LICENSE.TXT
		NuGet.config = NuGet.config
		opentelemetry-dotnet-contrib.proj = opentelemetry-dotnet-contrib.proj
		README.md = README.md
	EndProjectSection
EndProject
Project("{2150E333-8FDC-42A3-9474-1A3956D46DE8}") = ".github", ".github", "{1A06E14B-DD2F-4536-9D2E-F708C0C43555}"
	ProjectSection(SolutionItems) = preProject
		.github\codecov.yml = .github\codecov.yml
		.github\component_owners.yml = .github\component_owners.yml
		.github\dependabot.yml = .github\dependabot.yml
		.github\PULL_REQUEST_TEMPLATE.md = .github\PULL_REQUEST_TEMPLATE.md
	EndProjectSection
EndProject
Project("{2150E333-8FDC-42A3-9474-1A3956D46DE8}") = "workflows", "workflows", "{43CAFE52-F329-4431-87DA-7FEE1454D9A9}"
	ProjectSection(SolutionItems) = preProject
		.github\workflows\add-labels.yml = .github\workflows\add-labels.yml
		.github\workflows\assign-reviewers.yml = .github\workflows\assign-reviewers.yml
		.github\workflows\automation.yml = .github\workflows\automation.yml
		.github\workflows\ci-Exporter.OneCollector-Integration.yml = .github\workflows\ci-Exporter.OneCollector-Integration.yml
		.github\workflows\ci.yml = .github\workflows\ci.yml
		.github\workflows\codeql-analysis.yml = .github\workflows\codeql-analysis.yml
		.github\workflows\Component.BuildTest.yml = .github\workflows\Component.BuildTest.yml
		.github\workflows\core-version-update.yml = .github\workflows\core-version-update.yml
		.github\workflows\dotnet-format.yml = .github\workflows\dotnet-format.yml
		.github\workflows\integration.yml = .github\workflows\integration.yml
		.github\workflows\markdownlint.yml = .github\workflows\markdownlint.yml
		.github\workflows\post-release.yml = .github\workflows\post-release.yml
		.github\workflows\prepare-release.yml = .github\workflows\prepare-release.yml
		.github\workflows\publish-packages.yml = .github\workflows\publish-packages.yml
		.github\workflows\sanitycheck.yml = .github\workflows\sanitycheck.yml
		.github\workflows\stale.yml = .github\workflows\stale.yml
		.github\workflows\verifyaotcompat.yml = .github\workflows\verifyaotcompat.yml
	EndProjectSection
EndProject
Project("{2150E333-8FDC-42A3-9474-1A3956D46DE8}") = "build", "build", "{824BD1DE-3FA8-4FE0-823A-FD365EAC78AF}"
	ProjectSection(SolutionItems) = preProject
		build\Common.nonprod.props = build\Common.nonprod.props
		build\Common.prod.props = build\Common.prod.props
		build\Common.props = build\Common.props
		build\Common.targets = build\Common.targets
		build\debug.snk = build\debug.snk
		build\docker-compose.net8.0.yml = build\docker-compose.net8.0.yml
		build\docker-compose.net9.0.yml = build\docker-compose.net9.0.yml
		build\opentelemetry-icon-color.png = build\opentelemetry-icon-color.png
		build\OpenTelemetryContrib.prod.ruleset = build\OpenTelemetryContrib.prod.ruleset
		build\OpenTelemetryContrib.test.ruleset = build\OpenTelemetryContrib.test.ruleset
		build\RELEASING.md = build\RELEASING.md
		build\stylecop.json = build\stylecop.json
	EndProjectSection
EndProject
Project("{2150E333-8FDC-42A3-9474-1A3956D46DE8}") = "src", "src", "{0112BD4F-B7A6-4E43-AB23-B6E961E27A49}"
	ProjectSection(SolutionItems) = preProject
		src\Directory.Build.props = src\Directory.Build.props
		src\Directory.Build.targets = src\Directory.Build.targets
	EndProjectSection
EndProject
Project("{2150E333-8FDC-42A3-9474-1A3956D46DE8}") = "test", "test", "{E0F52FDB-23D1-4927-BAB8-332655DD7A0B}"
	ProjectSection(SolutionItems) = preProject
		test\Directory.Build.props = test\Directory.Build.props
		test\Directory.Build.targets = test\Directory.Build.targets
	EndProjectSection
EndProject
Project("{9A19103F-16F7-4668-BE54-9A1E7A4F7556}") = "OpenTelemetry.Instrumentation.Wcf", "src\OpenTelemetry.Instrumentation.Wcf\OpenTelemetry.Instrumentation.Wcf.csproj", "{CAD5C27A-D359-4086-9C4F-02204C084A8E}"
EndProject
Project("{2150E333-8FDC-42A3-9474-1A3956D46DE8}") = "examples", "examples", "{B75EE478-97F7-4E9F-9A5A-DB3D0988EDEA}"
EndProject
Project("{2150E333-8FDC-42A3-9474-1A3956D46DE8}") = "wcf", "wcf", "{73474960-8F91-4EE5-8E3E-F7E7ADA99238}"
	ProjectSection(SolutionItems) = preProject
		examples\wcf\README.md = examples\wcf\README.md
	EndProjectSection
EndProject
Project("{9A19103F-16F7-4668-BE54-9A1E7A4F7556}") = "Examples.Wcf.Shared", "examples\wcf\shared\Examples.Wcf.Shared.csproj", "{21716C26-3B2A-4208-BDFB-8E58E2AF49EA}"
EndProject
Project("{9A19103F-16F7-4668-BE54-9A1E7A4F7556}") = "Examples.Wcf.Client.DotNet", "examples\wcf\client-core\Examples.Wcf.Client.DotNet.csproj", "{3AF5D7E4-CA7D-401B-9729-A6D8F63B023C}"
EndProject
Project("{9A19103F-16F7-4668-BE54-9A1E7A4F7556}") = "Examples.Wcf.Client.NetFramework", "examples\wcf\client-netframework\Examples.Wcf.Client.NetFramework.csproj", "{2A7867E5-0FD6-42F8-B594-19E897EDA54C}"
EndProject
Project("{9A19103F-16F7-4668-BE54-9A1E7A4F7556}") = "Examples.Wcf.Server.NetFramework", "examples\wcf\server-netframework\Examples.Wcf.Server.NetFramework.csproj", "{E205AA70-36BD-461D-8B87-909ED1BCA721}"
EndProject
Project("{9A19103F-16F7-4668-BE54-9A1E7A4F7556}") = "OpenTelemetry.Extensions.AWS", "src\OpenTelemetry.Extensions.AWS\OpenTelemetry.Extensions.AWS.csproj", "{D8C9AD2A-5C6A-46F5-A216-3D67E6C0FA94}"
EndProject
Project("{9A19103F-16F7-4668-BE54-9A1E7A4F7556}") = "OpenTelemetry.Extensions.AWS.Tests", "test\OpenTelemetry.Extensions.AWS.Tests\OpenTelemetry.Extensions.AWS.Tests.csproj", "{9CE513AC-CFC5-4DD1-9F16-8719EDCE9BF9}"
EndProject
Project("{9A19103F-16F7-4668-BE54-9A1E7A4F7556}") = "OpenTelemetry.Instrumentation.AWS", "src\OpenTelemetry.Instrumentation.AWS\OpenTelemetry.Instrumentation.AWS.csproj", "{970673DA-F308-4960-A58D-ECCEA44CEF6B}"
EndProject
Project("{9A19103F-16F7-4668-BE54-9A1E7A4F7556}") = "OpenTelemetry.Instrumentation.AWS.Tests", "test\OpenTelemetry.Instrumentation.AWS.Tests\OpenTelemetry.Instrumentation.AWS.Tests.csproj", "{CAB66B50-DAB6-49B8-83F9-6CCF520C4A36}"
EndProject
Project("{9A19103F-16F7-4668-BE54-9A1E7A4F7556}") = "OpenTelemetry.Instrumentation.Wcf.Tests", "test\OpenTelemetry.Instrumentation.Wcf.Tests\OpenTelemetry.Instrumentation.Wcf.Tests.csproj", "{76BAB24F-85DB-4FCE-89D0-EFB4185004C9}"
EndProject
Project("{2150E333-8FDC-42A3-9474-1A3956D46DE8}") = "grpc.core", "grpc.core", "{58D1DE55-B0A5-4BC4-AB37-09B1C7B26752}"
	ProjectSection(SolutionItems) = preProject
		examples\grpc.core\README.md = examples\grpc.core\README.md
	EndProjectSection
EndProject
Project("{9A19103F-16F7-4668-BE54-9A1E7A4F7556}") = "Examples.GrpcCore.AspNetCore", "examples\grpc.core\Examples.GrpcCore.AspNetCore\Examples.GrpcCore.AspNetCore.csproj", "{F1591DEE-79C0-4161-85C2-1477B261D274}"
EndProject
Project("{9A19103F-16F7-4668-BE54-9A1E7A4F7556}") = "OpenTelemetry.Instrumentation.Quartz", "src\OpenTelemetry.Instrumentation.Quartz\OpenTelemetry.Instrumentation.Quartz.csproj", "{2CFC0D07-7AEC-4BC3-96C4-A06A38DBF6DF}"
EndProject
Project("{9A19103F-16F7-4668-BE54-9A1E7A4F7556}") = "OpenTelemetry.Instrumentation.Quartz.Tests", "test\OpenTelemetry.Instrumentation.Quartz.Tests\OpenTelemetry.Instrumentation.Quartz.Tests.csproj", "{37564EE6-F0A4-4F40-BB13-0BBFAC7F7F28}"
EndProject
Project("{2150E333-8FDC-42A3-9474-1A3956D46DE8}") = "owin", "owin", "{8D11A34C-D0EF-4DE1-8230-32168E67044D}"
EndProject
Project("{9A19103F-16F7-4668-BE54-9A1E7A4F7556}") = "Examples.Owin", "examples\owin\Examples.Owin.csproj", "{6B3AA3F2-89A7-433F-918A-1E5E6AAF8423}"
EndProject
Project("{9A19103F-16F7-4668-BE54-9A1E7A4F7556}") = "OpenTelemetry.Instrumentation.ElasticsearchClient", "src\OpenTelemetry.Instrumentation.ElasticsearchClient\OpenTelemetry.Instrumentation.ElasticsearchClient.csproj", "{96F5B85B-402B-4DFB-AF31-33D5A2EBE35B}"
EndProject
Project("{9A19103F-16F7-4668-BE54-9A1E7A4F7556}") = "OpenTelemetry.Instrumentation.ElasticsearchClient.Tests", "test\OpenTelemetry.Instrumentation.ElasticsearchClient.Tests\OpenTelemetry.Instrumentation.ElasticsearchClient.Tests.csproj", "{970B604C-C57F-4767-A080-67976E69F76E}"
EndProject
Project("{9A19103F-16F7-4668-BE54-9A1E7A4F7556}") = "OpenTelemetry.Instrumentation.EntityFrameworkCore", "src\OpenTelemetry.Instrumentation.EntityFrameworkCore\OpenTelemetry.Instrumentation.EntityFrameworkCore.csproj", "{D4468444-69EF-4BF3-B13F-61F4AB728813}"
EndProject
Project("{9A19103F-16F7-4668-BE54-9A1E7A4F7556}") = "OpenTelemetry.Instrumentation.EntityFrameworkCore.Tests", "test\OpenTelemetry.Instrumentation.EntityFrameworkCore.Tests\OpenTelemetry.Instrumentation.EntityFrameworkCore.Tests.csproj", "{A1F7FA66-C83D-485D-90FE-71C4018971D4}"
EndProject
Project("{9A19103F-16F7-4668-BE54-9A1E7A4F7556}") = "OpenTelemetry.Instrumentation.GrpcCore", "src\OpenTelemetry.Instrumentation.GrpcCore\OpenTelemetry.Instrumentation.GrpcCore.csproj", "{D0B694E4-AAE4-492F-ACCB-3D913A874780}"
EndProject
Project("{9A19103F-16F7-4668-BE54-9A1E7A4F7556}") = "OpenTelemetry.Instrumentation.GrpcCore.Tests", "test\OpenTelemetry.Instrumentation.GrpcCore.Tests\OpenTelemetry.Instrumentation.GrpcCore.Tests.csproj", "{32D24733-C807-4816-84C3-270CE790AFD4}"
EndProject
Project("{9A19103F-16F7-4668-BE54-9A1E7A4F7556}") = "OpenTelemetry.Instrumentation.Owin", "src\OpenTelemetry.Instrumentation.Owin\OpenTelemetry.Instrumentation.Owin.csproj", "{2815DA76-D855-43FD-A005-FAB289B5EFE8}"
EndProject
Project("{9A19103F-16F7-4668-BE54-9A1E7A4F7556}") = "OpenTelemetry.Instrumentation.Owin.Tests", "test\OpenTelemetry.Instrumentation.Owin.Tests\OpenTelemetry.Instrumentation.Owin.Tests.csproj", "{D7311F9A-BFC3-4470-9C49-39D826BA9996}"
EndProject
Project("{9A19103F-16F7-4668-BE54-9A1E7A4F7556}") = "OpenTelemetry.Instrumentation.Runtime", "src\OpenTelemetry.Instrumentation.Runtime\OpenTelemetry.Instrumentation.Runtime.csproj", "{67BFE7DF-505D-427E-8019-40BFF19363E9}"
EndProject
Project("{9A19103F-16F7-4668-BE54-9A1E7A4F7556}") = "OpenTelemetry.Instrumentation.Runtime.Tests", "test\OpenTelemetry.Instrumentation.Runtime.Tests\OpenTelemetry.Instrumentation.Runtime.Tests.csproj", "{6AE92AAD-CF08-4E60-98EF-A7F762DAAB4D}"
EndProject
Project("{9A19103F-16F7-4668-BE54-9A1E7A4F7556}") = "OpenTelemetry.Extensions", "src\OpenTelemetry.Extensions\OpenTelemetry.Extensions.csproj", "{42B3FB71-BB42-46E3-9CEC-56620CB76BD9}"
EndProject
Project("{9A19103F-16F7-4668-BE54-9A1E7A4F7556}") = "OpenTelemetry.Extensions.Tests", "test\OpenTelemetry.Extensions.Tests\OpenTelemetry.Extensions.Tests.csproj", "{2117F4E3-6612-4E4D-A757-27271EEB7783}"
EndProject
Project("{9A19103F-16F7-4668-BE54-9A1E7A4F7556}") = "OpenTelemetry.Resources.Container", "src\OpenTelemetry.Resources.Container\OpenTelemetry.Resources.Container.csproj", "{498A6808-C0DF-441F-A764-51A3BC4B8FC5}"
EndProject
Project("{9A19103F-16F7-4668-BE54-9A1E7A4F7556}") = "OpenTelemetry.Resources.Container.Tests", "test\OpenTelemetry.Resources.Container.Tests\OpenTelemetry.Resources.Container.Tests.csproj", "{FB41E19E-2682-4D07-BA59-FD5205AFA71E}"
EndProject
Project("{9A19103F-16F7-4668-BE54-9A1E7A4F7556}") = "OpenTelemetry.Exporter.Geneva", "src\OpenTelemetry.Exporter.Geneva\OpenTelemetry.Exporter.Geneva.csproj", "{1105C814-31DA-4214-BEA8-6DB5FC12C808}"
EndProject
Project("{9A19103F-16F7-4668-BE54-9A1E7A4F7556}") = "OpenTelemetry.Exporter.Geneva.Benchmarks", "test\OpenTelemetry.Exporter.Geneva.Benchmarks\OpenTelemetry.Exporter.Geneva.Benchmarks.csproj", "{F53FD7F5-DBC0-4FA5-83BA-B4C07A5BD248}"
EndProject
Project("{9A19103F-16F7-4668-BE54-9A1E7A4F7556}") = "OpenTelemetry.Exporter.Geneva.Stress", "test\OpenTelemetry.Exporter.Geneva.Stress\OpenTelemetry.Exporter.Geneva.Stress.csproj", "{F632DFB6-38AD-4356-8997-8CCC0492619C}"
EndProject
Project("{9A19103F-16F7-4668-BE54-9A1E7A4F7556}") = "OpenTelemetry.Exporter.Geneva.Tests", "test\OpenTelemetry.Exporter.Geneva.Tests\OpenTelemetry.Exporter.Geneva.Tests.csproj", "{A3EB4E60-256C-45EC-92EE-68FD035CAD11}"
EndProject
Project("{9A19103F-16F7-4668-BE54-9A1E7A4F7556}") = "OpenTelemetry.Instrumentation.Hangfire", "src\OpenTelemetry.Instrumentation.Hangfire\OpenTelemetry.Instrumentation.Hangfire.csproj", "{BE5FFBBB-D73F-4071-92F4-F1694881604F}"
EndProject
Project("{9A19103F-16F7-4668-BE54-9A1E7A4F7556}") = "OpenTelemetry.Instrumentation.Hangfire.Tests", "test\OpenTelemetry.Instrumentation.Hangfire.Tests\OpenTelemetry.Instrumentation.Hangfire.Tests.csproj", "{ED774FC3-C1C0-44CD-BA41-686C04BEB3E5}"
EndProject
Project("{9A19103F-16F7-4668-BE54-9A1E7A4F7556}") = "OpenTelemetry.Exporter.Instana", "src\OpenTelemetry.Exporter.Instana\OpenTelemetry.Exporter.Instana.csproj", "{BD3C6377-6F8D-47D6-9710-1681ED4E6772}"
EndProject
Project("{9A19103F-16F7-4668-BE54-9A1E7A4F7556}") = "OpenTelemetry.Exporter.Instana.Tests", "test\OpenTelemetry.Exporter.Instana.Tests\OpenTelemetry.Exporter.Instana.Tests.csproj", "{77E7DDB9-32CF-450E-B596-E893149D07DD}"
EndProject
Project("{9A19103F-16F7-4668-BE54-9A1E7A4F7556}") = "OpenTelemetry.Instrumentation.StackExchangeRedis", "src\OpenTelemetry.Instrumentation.StackExchangeRedis\OpenTelemetry.Instrumentation.StackExchangeRedis.csproj", "{14BAEC26-CCD1-44B5-94D7-F219057B0B4D}"
EndProject
Project("{9A19103F-16F7-4668-BE54-9A1E7A4F7556}") = "OpenTelemetry.Instrumentation.StackExchangeRedis.Tests", "test\OpenTelemetry.Instrumentation.StackExchangeRedis.Tests\OpenTelemetry.Instrumentation.StackExchangeRedis.Tests.csproj", "{2AD0F8EB-B7C8-4E87-8090-25BE190A0BD4}"
EndProject
Project("{2150E333-8FDC-42A3-9474-1A3956D46DE8}") = "redis", "redis", "{D8F9AEAC-6ACA-484E-81A5-9CEBEDBC3422}"
EndProject
Project("{9A19103F-16F7-4668-BE54-9A1E7A4F7556}") = "Examples.StackExchangeRedis", "examples\redis\Examples.StackExchangeRedis\Examples.StackExchangeRedis.csproj", "{DD471BEE-65B3-4D72-8A67-92F9C8E93CC1}"
EndProject
Project("{9A19103F-16F7-4668-BE54-9A1E7A4F7556}") = "OpenTelemetry.Instrumentation.AspNet.TelemetryHttpModule", "src\OpenTelemetry.Instrumentation.AspNet.TelemetryHttpModule\OpenTelemetry.Instrumentation.AspNet.TelemetryHttpModule.csproj", "{EC83D37A-3704-4515-8EE8-4D007CD9E0A8}"
EndProject
Project("{9A19103F-16F7-4668-BE54-9A1E7A4F7556}") = "OpenTelemetry.Instrumentation.AspNet.TelemetryHttpModule.Tests", "test\OpenTelemetry.Instrumentation.AspNet.TelemetryHttpModule.Tests\OpenTelemetry.Instrumentation.AspNet.TelemetryHttpModule.Tests.csproj", "{969425CE-CB8F-462C-9126-597FC5B33E27}"
EndProject
Project("{9A19103F-16F7-4668-BE54-9A1E7A4F7556}") = "OpenTelemetry.Instrumentation.AspNet", "src\OpenTelemetry.Instrumentation.AspNet\OpenTelemetry.Instrumentation.AspNet.csproj", "{582B70B5-0067-4D9A-ABF2-623F502BE9A9}"
EndProject
Project("{9A19103F-16F7-4668-BE54-9A1E7A4F7556}") = "OpenTelemetry.Instrumentation.AspNet.Tests", "test\OpenTelemetry.Instrumentation.AspNet.Tests\OpenTelemetry.Instrumentation.AspNet.Tests.csproj", "{F8629D9B-27C2-4B79-9EF7-DDE7E08CDD72}"
EndProject
Project("{2150E333-8FDC-42A3-9474-1A3956D46DE8}") = "AspNet", "AspNet", "{2B6D0764-5E66-423A-9943-B3A72FF181EA}"
EndProject
Project("{9A19103F-16F7-4668-BE54-9A1E7A4F7556}") = "Examples.AspNet", "examples\AspNet\Examples.AspNet.csproj", "{9A4E3A68-904B-4835-A3C8-F664B73098DB}"
EndProject
Project("{9A19103F-16F7-4668-BE54-9A1E7A4F7556}") = "runtime-instrumentation", "examples\runtime-instrumentation\runtime-instrumentation.csproj", "{9FF9B46A-AD93-4B3F-92DA-6FDCC98FEA91}"
EndProject
Project("{9A19103F-16F7-4668-BE54-9A1E7A4F7556}") = "OpenTelemetry.Instrumentation.EventCounters", "src\OpenTelemetry.Instrumentation.EventCounters\OpenTelemetry.Instrumentation.EventCounters.csproj", "{AE12EFB7-4B1A-46B8-B89A-0375252B10B1}"
EndProject
Project("{9A19103F-16F7-4668-BE54-9A1E7A4F7556}") = "OpenTelemetry.Instrumentation.EventCounters.Tests", "test\OpenTelemetry.Instrumentation.EventCounters.Tests\OpenTelemetry.Instrumentation.EventCounters.Tests.csproj", "{DDA355A3-4D75-4F45-9A5E-E93C3EFB9896}"
EndProject
Project("{9A19103F-16F7-4668-BE54-9A1E7A4F7556}") = "OpenTelemetry.Instrumentation.Process", "src\OpenTelemetry.Instrumentation.Process\OpenTelemetry.Instrumentation.Process.csproj", "{F811262D-D78A-4C4A-8A31-FFC458164BF2}"
EndProject
Project("{9A19103F-16F7-4668-BE54-9A1E7A4F7556}") = "OpenTelemetry.Instrumentation.Process.Tests", "test\OpenTelemetry.Instrumentation.Process.Tests\OpenTelemetry.Instrumentation.Process.Tests.csproj", "{61421ACF-5F90-491B-AFB3-14EF12CCA255}"
EndProject
Project("{9A19103F-16F7-4668-BE54-9A1E7A4F7556}") = "OpenTelemetry.Instrumentation.AWSLambda.Tests", "test\OpenTelemetry.Instrumentation.AWSLambda.Tests\OpenTelemetry.Instrumentation.AWSLambda.Tests.csproj", "{0F18B7C8-B192-4236-9578-7AD02BFC7128}"
EndProject
Project("{9A19103F-16F7-4668-BE54-9A1E7A4F7556}") = "OpenTelemetry.Instrumentation.AWSLambda", "src\OpenTelemetry.Instrumentation.AWSLambda\OpenTelemetry.Instrumentation.AWSLambda.csproj", "{B40B975E-78B2-4712-8B4D-BADA67DF0C0A}"
EndProject
Project("{9A19103F-16F7-4668-BE54-9A1E7A4F7556}") = "process-instrumentation", "examples\process-instrumentation\process-instrumentation.csproj", "{C3B3BBAF-CC38-4D5C-AFA2-33184D07BF75}"
EndProject
Project("{9A19103F-16F7-4668-BE54-9A1E7A4F7556}") = "Examples.EventCounters", "examples\event-counters\Examples.EventCounters\Examples.EventCounters.csproj", "{BA58CC8B-F5CA-4DC7-A3A8-D01B2E10731E}"
EndProject
Project("{9A19103F-16F7-4668-BE54-9A1E7A4F7556}") = "OpenTelemetry.Instrumentation.Cassandra", "src\OpenTelemetry.Instrumentation.Cassandra\OpenTelemetry.Instrumentation.Cassandra.csproj", "{3313F7DF-E3A5-4A7F-965D-86807A017131}"
EndProject
Project("{9A19103F-16F7-4668-BE54-9A1E7A4F7556}") = "OpenTelemetry.Instrumentation.Cassandra.Tests", "test\OpenTelemetry.Instrumentation.Cassandra.Tests\OpenTelemetry.Instrumentation.Cassandra.Tests.csproj", "{FB48DC44-8C56-4329-9988-AEDF931E81E8}"
EndProject
Project("{9A19103F-16F7-4668-BE54-9A1E7A4F7556}") = "OpenTelemetry.Resources.Azure", "src\OpenTelemetry.Resources.Azure\OpenTelemetry.Resources.Azure.csproj", "{B07DC3CB-F724-40A5-889A-DA6601F462F3}"
EndProject
Project("{9A19103F-16F7-4668-BE54-9A1E7A4F7556}") = "OpenTelemetry.Resources.Azure.Tests", "test\OpenTelemetry.Resources.Azure.Tests\OpenTelemetry.Resources.Azure.Tests.csproj", "{DFC6A4A9-5262-4507-B747-CC6B814205E6}"
EndProject
Project("{9A19103F-16F7-4668-BE54-9A1E7A4F7556}") = "OpenTelemetry.Exporter.OneCollector", "src\OpenTelemetry.Exporter.OneCollector\OpenTelemetry.Exporter.OneCollector.csproj", "{73C10993-03AC-42F4-85BB-96EAAA8212D9}"
EndProject
Project("{9A19103F-16F7-4668-BE54-9A1E7A4F7556}") = "OpenTelemetry.Exporter.OneCollector.Tests", "test\OpenTelemetry.Exporter.OneCollector.Tests\OpenTelemetry.Exporter.OneCollector.Tests.csproj", "{61520801-1CAA-4041-A3EF-CFFB9D4A180B}"
EndProject
Project("{9A19103F-16F7-4668-BE54-9A1E7A4F7556}") = "OpenTelemetry.Extensions.Enrichment", "src\OpenTelemetry.Extensions.Enrichment\OpenTelemetry.Extensions.Enrichment.csproj", "{5BA85306-64B8-4E04-90EB-7069C187E250}"
EndProject
Project("{9A19103F-16F7-4668-BE54-9A1E7A4F7556}") = "OpenTelemetry.Extensions.Enrichment.Tests", "test\OpenTelemetry.Extensions.Enrichment.Tests\OpenTelemetry.Extensions.Enrichment.Tests.csproj", "{5A7BE9DA-3582-49D8-A8E7-164C1E3CDB38}"
EndProject
Project("{9A19103F-16F7-4668-BE54-9A1E7A4F7556}") = "OpenTelemetry.PersistentStorage.Abstractions", "src\OpenTelemetry.PersistentStorage.Abstractions\OpenTelemetry.PersistentStorage.Abstractions.csproj", "{EC73B88E-D544-4A6A-90D5-E291035FEA35}"
EndProject
Project("{9A19103F-16F7-4668-BE54-9A1E7A4F7556}") = "OpenTelemetry.PersistentStorage.FileSystem", "src\OpenTelemetry.PersistentStorage.FileSystem\OpenTelemetry.PersistentStorage.FileSystem.csproj", "{74EF2C61-9176-4D4E-91D3-E17E28054FF8}"
EndProject
Project("{9A19103F-16F7-4668-BE54-9A1E7A4F7556}") = "OpenTelemetry.PersistentStorage.FileSystem.Tests", "test\OpenTelemetry.PersistentStorage.FileSystem.Tests\OpenTelemetry.PersistentStorage.FileSystem.Tests.csproj", "{C7215B69-0D77-4D52-AFBB-A6662249B3AC}"
EndProject
Project("{9A19103F-16F7-4668-BE54-9A1E7A4F7556}") = "OpenTelemetry.Sampler.AWS", "src\OpenTelemetry.Sampler.AWS\OpenTelemetry.Sampler.AWS.csproj", "{54002B08-F6AE-4B2B-AB0C-86E5A05926A3}"
EndProject
Project("{9A19103F-16F7-4668-BE54-9A1E7A4F7556}") = "OpenTelemetry.Sampler.AWS.Tests", "test\OpenTelemetry.Sampler.AWS.Tests\OpenTelemetry.Sampler.AWS.Tests.csproj", "{48C29501-3FA2-46A7-B5BA-D282EA8F1274}"
EndProject
Project("{9A19103F-16F7-4668-BE54-9A1E7A4F7556}") = "OpenTelemetry.Exporter.OneCollector.Benchmarks", "test\OpenTelemetry.Exporter.OneCollector.Benchmarks\OpenTelemetry.Exporter.OneCollector.Benchmarks.csproj", "{C42868C8-968A-473F-AC39-AC97C5D47E84}"
EndProject
Project("{9A19103F-16F7-4668-BE54-9A1E7A4F7556}") = "Examples.Enrichment", "examples\enrichment\Examples.Enrichment\Examples.Enrichment.csproj", "{9B7F7605-ADFF-4A47-9B64-FFF3E2EC9DEA}"
EndProject
Project("{2150E333-8FDC-42A3-9474-1A3956D46DE8}") = "enrichment", "enrichment", "{93503FAF-D43D-48C0-818C-92EB90F7606B}"
EndProject
Project("{2150E333-8FDC-42A3-9474-1A3956D46DE8}") = "Shared", "Shared", "{1FCC8EEC-9E75-4FEA-AFCF-363DD33FF0B9}"
	ProjectSection(SolutionItems) = preProject
		src\Shared\ActivityInstrumentationHelper.cs = src\Shared\ActivityInstrumentationHelper.cs
		src\Shared\AssemblyVersionExtensions.cs = src\Shared\AssemblyVersionExtensions.cs
		src\Shared\DatabaseSemanticConventionHelper.cs = src\Shared\DatabaseSemanticConventionHelper.cs
		src\Shared\DiagnosticSourceListener.cs = src\Shared\DiagnosticSourceListener.cs
		src\Shared\DiagnosticSourceSubscriber.cs = src\Shared\DiagnosticSourceSubscriber.cs
		src\Shared\ExceptionExtensions.cs = src\Shared\ExceptionExtensions.cs
		src\Shared\GrpcStatusCanonicalCode.cs = src\Shared\GrpcStatusCanonicalCode.cs
		src\Shared\GrpcTagHelper.cs = src\Shared\GrpcTagHelper.cs
		src\Shared\Guard.cs = src\Shared\Guard.cs
		src\Shared\InstrumentationHandleManager.cs = src\Shared\InstrumentationHandleManager.cs
		src\Shared\IServerCertificateValidationEventSource.cs = src\Shared\IServerCertificateValidationEventSource.cs
		src\Shared\IsExternalInit.cs = src\Shared\IsExternalInit.cs
		src\Shared\ListenerHandler.cs = src\Shared\ListenerHandler.cs
		src\Shared\MultiTypePropertyFetcher.cs = src\Shared\MultiTypePropertyFetcher.cs
		src\Shared\NullableAttributes.cs = src\Shared\NullableAttributes.cs
		src\Shared\PropertyFetcher.cs = src\Shared\PropertyFetcher.cs
		src\Shared\RedactionHelper.cs = src\Shared\RedactionHelper.cs
		src\Shared\ResourceSemanticConventions.cs = src\Shared\ResourceSemanticConventions.cs
		src\Shared\SemanticConventions.cs = src\Shared\SemanticConventions.cs
		src\Shared\ServerCertificateValidationHandler.cs = src\Shared\ServerCertificateValidationHandler.cs
		src\Shared\ServerCertificateValidationProvider.cs = src\Shared\ServerCertificateValidationProvider.cs
		src\Shared\SpanAttributeConstants.cs = src\Shared\SpanAttributeConstants.cs
		src\Shared\SpanHelper.cs = src\Shared\SpanHelper.cs
		src\Shared\SqlConnectionDetails.cs = src\Shared\SqlConnectionDetails.cs
		src\Shared\SqlProcessor.cs = src\Shared\SqlProcessor.cs
		src\Shared\UriHelper.cs = src\Shared\UriHelper.cs
	EndProjectSection
EndProject
Project("{9A19103F-16F7-4668-BE54-9A1E7A4F7556}") = "OpenTelemetry.Resources.AWS", "src\OpenTelemetry.Resources.AWS\OpenTelemetry.Resources.AWS.csproj", "{71BABAC0-E299-48BF-93E2-C11C3840B037}"
EndProject
Project("{9A19103F-16F7-4668-BE54-9A1E7A4F7556}") = "OpenTelemetry.Resources.AWS.Tests", "test\OpenTelemetry.Resources.AWS.Tests\OpenTelemetry.Resources.AWS.Tests.csproj", "{DE898A1E-920E-476F-B0DB-A98AFD6E3BF4}"
EndProject
Project("{9A19103F-16F7-4668-BE54-9A1E7A4F7556}") = "OpenTelemetry.Exporter.InfluxDB", "src\OpenTelemetry.Exporter.InfluxDB\OpenTelemetry.Exporter.InfluxDB.csproj", "{FD5E9AC8-DC05-4C64-BDC6-D26F5552808E}"
EndProject
Project("{9A19103F-16F7-4668-BE54-9A1E7A4F7556}") = "OpenTelemetry.Exporter.InfluxDB.Tests", "test\OpenTelemetry.Exporter.InfluxDB.Tests\OpenTelemetry.Exporter.InfluxDB.Tests.csproj", "{4847A991-D0C3-4421-B0D3-EA189959E639}"
EndProject
Project("{2150E333-8FDC-42A3-9474-1A3956D46DE8}") = "InfluxDB", "InfluxDB", "{2D354354-BAFB-490B-A26F-6A16A52A1A45}"
EndProject
Project("{9A19103F-16F7-4668-BE54-9A1E7A4F7556}") = "Examples.InfluxDB", "examples\InfluxDB\Examples.InfluxDB\Examples.InfluxDB.csproj", "{B4951583-D432-4E87-85CF-498FDD6A35E6}"
EndProject
Project("{9A19103F-16F7-4668-BE54-9A1E7A4F7556}") = "OpenTelemetry.AotCompatibility.TestApp", "test\OpenTelemetry.AotCompatibility.TestApp\OpenTelemetry.AotCompatibility.TestApp.csproj", "{31937862-0C88-41C0-AFD6-F97A7BF803A9}"
EndProject
Project("{9A19103F-16F7-4668-BE54-9A1E7A4F7556}") = "Examples.Wcf.Server.AspNetFramework", "examples\wcf\server-aspnetframework\Examples.Wcf.Server.AspNetFramework.csproj", "{23AA75F6-403F-4867-BF0E-BAF0A44F9A7A}"
EndProject
Project("{2150E333-8FDC-42A3-9474-1A3956D46DE8}") = "examples", "examples", "{9B30F5FD-3309-49CB-9CAD-D3372FAFD796}"
	ProjectSection(SolutionItems) = preProject
		examples\Directory.Build.props = examples\Directory.Build.props
		examples\Directory.Build.targets = examples\Directory.Build.targets
	EndProjectSection
EndProject
Project("{2150E333-8FDC-42A3-9474-1A3956D46DE8}") = "Projects", "Projects", "{048509D6-FB49-4B84-832A-90E55520B97B}"
	ProjectSection(SolutionItems) = preProject
		build\Projects\Component.proj = build\Projects\Component.proj
		build\Projects\OpenTelemetry.Contrib.Shared.Tests.proj = build\Projects\OpenTelemetry.Contrib.Shared.Tests.proj
		build\Projects\OpenTelemetry.Exporter.InfluxDB.proj = build\Projects\OpenTelemetry.Exporter.InfluxDB.proj
		build\Projects\OpenTelemetry.Extensions.Enrichment.proj = build\Projects\OpenTelemetry.Extensions.Enrichment.proj
		build\Projects\OpenTelemetry.Instrumentation.AspNet.proj = build\Projects\OpenTelemetry.Instrumentation.AspNet.proj
		build\Projects\OpenTelemetry.Instrumentation.AspNetCore.proj = build\Projects\OpenTelemetry.Instrumentation.AspNetCore.proj
		build\Projects\OpenTelemetry.Instrumentation.AWS.proj = build\Projects\OpenTelemetry.Instrumentation.AWS.proj
		build\Projects\OpenTelemetry.Instrumentation.ConfluentKafka.proj = build\Projects\OpenTelemetry.Instrumentation.ConfluentKafka.proj
		build\Projects\OpenTelemetry.Instrumentation.EventCounters.proj = build\Projects\OpenTelemetry.Instrumentation.EventCounters.proj
		build\Projects\OpenTelemetry.Instrumentation.GrpcCore.proj = build\Projects\OpenTelemetry.Instrumentation.GrpcCore.proj
		build\Projects\OpenTelemetry.Instrumentation.Owin.proj = build\Projects\OpenTelemetry.Instrumentation.Owin.proj
		build\Projects\OpenTelemetry.Instrumentation.Process.proj = build\Projects\OpenTelemetry.Instrumentation.Process.proj
		build\Projects\OpenTelemetry.Instrumentation.Runtime.proj = build\Projects\OpenTelemetry.Instrumentation.Runtime.proj
		build\Projects\OpenTelemetry.Instrumentation.StackExchangeRedis.proj = build\Projects\OpenTelemetry.Instrumentation.StackExchangeRedis.proj
		build\Projects\OpenTelemetry.Instrumentation.Wcf.proj = build\Projects\OpenTelemetry.Instrumentation.Wcf.proj
		build\Projects\OpenTelemetry.PersistentStorage.proj = build\Projects\OpenTelemetry.PersistentStorage.proj
		build\Projects\OpenTelemetry.SemanticConventions.proj = build\Projects\OpenTelemetry.SemanticConventions.proj
	EndProjectSection
EndProject
Project("{9A19103F-16F7-4668-BE54-9A1E7A4F7556}") = "OpenTelemetry.Resources.ProcessRuntime", "src\OpenTelemetry.Resources.ProcessRuntime\OpenTelemetry.Resources.ProcessRuntime.csproj", "{7EDD3E93-6C86-4199-B3D2-44C0DF1EA3F6}"
EndProject
Project("{9A19103F-16F7-4668-BE54-9A1E7A4F7556}") = "OpenTelemetry.Resources.ProcessRuntime.Tests", "test\OpenTelemetry.Resources.ProcessRuntime.Tests\OpenTelemetry.Resources.ProcessRuntime.Tests.csproj", "{2A51E621-BCFA-4D52-96D0-E16AFF48CBE5}"
EndProject
Project("{9A19103F-16F7-4668-BE54-9A1E7A4F7556}") = "OpenTelemetry.Resources.Process", "src\OpenTelemetry.Resources.Process\OpenTelemetry.Resources.Process.csproj", "{A5FCDD8F-20FF-4657-804E-707EAD4FE31D}"
EndProject
Project("{9A19103F-16F7-4668-BE54-9A1E7A4F7556}") = "OpenTelemetry.Resources.Process.Tests", "test\OpenTelemetry.Resources.Process.Tests\OpenTelemetry.Resources.Process.Tests.csproj", "{A5EF701C-439E-407F-8BB4-394166000C6D}"
EndProject
Project("{9A19103F-16F7-4668-BE54-9A1E7A4F7556}") = "OpenTelemetry.Resources.OperatingSystem", "src\OpenTelemetry.Resources.OperatingSystem\OpenTelemetry.Resources.OperatingSystem.csproj", "{F8E9EC7E-85A1-4C97-9C05-7EA82C1513A1}"
EndProject
Project("{9A19103F-16F7-4668-BE54-9A1E7A4F7556}") = "OpenTelemetry.Resources.OperatingSystem.Tests", "test\OpenTelemetry.Resources.OperatingSystem.Tests\OpenTelemetry.Resources.OperatingSystem.Tests.csproj", "{62B7060A-C35B-4D49-A0C2-3BF02880A200}"
EndProject
Project("{9A19103F-16F7-4668-BE54-9A1E7A4F7556}") = "OpenTelemetry.Resources.Host", "src\OpenTelemetry.Resources.Host\OpenTelemetry.Resources.Host.csproj", "{033CA8D4-1529-413A-B244-07958D5F9A48}"
EndProject
Project("{9A19103F-16F7-4668-BE54-9A1E7A4F7556}") = "OpenTelemetry.Resources.Host.Tests", "test\OpenTelemetry.Resources.Host.Tests\OpenTelemetry.Resources.Host.Tests.csproj", "{36271347-2055-438E-9659-B71542A17A73}"
EndProject
Project("{9A19103F-16F7-4668-BE54-9A1E7A4F7556}") = "OpenTelemetry.PersistentStorage.Abstractions.Tests", "test\OpenTelemetry.PersistentStorage.Abstractions.Tests\OpenTelemetry.PersistentStorage.Abstractions.Tests.csproj", "{7AD707F9-DC6D-430A-8834-D5DCD517BF6E}"
EndProject
Project("{9A19103F-16F7-4668-BE54-9A1E7A4F7556}") = "OpenTelemetry.Resources.Gcp", "src\OpenTelemetry.Resources.Gcp\OpenTelemetry.Resources.Gcp.csproj", "{CBC6D677-D1FF-470E-A244-477E8616A245}"
EndProject
Project("{9A19103F-16F7-4668-BE54-9A1E7A4F7556}") = "OpenTelemetry.Resources.Gcp.Tests", "test\OpenTelemetry.Resources.Gcp.Tests\OpenTelemetry.Resources.Gcp.Tests.csproj", "{EECE8D5F-C319-42E8-B37C-A41D6FF43E4A}"
EndProject
Project("{9A19103F-16F7-4668-BE54-9A1E7A4F7556}") = "OpenTelemetry.Instrumentation.SqlClient", "src\OpenTelemetry.Instrumentation.SqlClient\OpenTelemetry.Instrumentation.SqlClient.csproj", "{737D1A9E-5A1A-4F4F-830B-E98ED100994C}"
EndProject
Project("{9A19103F-16F7-4668-BE54-9A1E7A4F7556}") = "OpenTelemetry.Instrumentation.SqlClient.Tests", "test\OpenTelemetry.Instrumentation.SqlClient.Tests\OpenTelemetry.Instrumentation.SqlClient.Tests.csproj", "{9C996130-74D7-4FB7-8277-2EE6EBA2BFA6}"
EndProject
Project("{9A19103F-16F7-4668-BE54-9A1E7A4F7556}") = "OpenTelemetry.SemanticConventions", "src\OpenTelemetry.SemanticConventions\OpenTelemetry.SemanticConventions.csproj", "{BC1959E3-164E-42AE-AE1C-DE2E3046E27C}"
EndProject
Project("{9A19103F-16F7-4668-BE54-9A1E7A4F7556}") = "OpenTelemetry.Instrumentation.Http", "src\OpenTelemetry.Instrumentation.Http\OpenTelemetry.Instrumentation.Http.csproj", "{BE92357F-DE09-477D-AFDB-6AD1D7AC7BA1}"
EndProject
Project("{9A19103F-16F7-4668-BE54-9A1E7A4F7556}") = "OpenTelemetry.Instrumentation.Http.Tests", "test\OpenTelemetry.Instrumentation.Http.Tests\OpenTelemetry.Instrumentation.Http.Tests.csproj", "{7371E920-ECD0-403A-A009-7A1A301D9763}"
EndProject
Project("{9A19103F-16F7-4668-BE54-9A1E7A4F7556}") = "OpenTelemetry.Instrumentation.Http.Benchmarks", "test\OpenTelemetry.Instrumentation.Http.Benchmarks\OpenTelemetry.Instrumentation.Http.Benchmarks.csproj", "{1156D564-2E3C-47D6-97C1-FF3ADEDC41C8}"
EndProject
Project("{9A19103F-16F7-4668-BE54-9A1E7A4F7556}") = "OpenTelemetry.Instrumentation.GrpcNetClient", "src\OpenTelemetry.Instrumentation.GrpcNetClient\OpenTelemetry.Instrumentation.GrpcNetClient.csproj", "{0156E342-CE63-46F5-992D-691A7CCB50F8}"
EndProject
Project("{9A19103F-16F7-4668-BE54-9A1E7A4F7556}") = "OpenTelemetry.Instrumentation.GrpcNetClient.Tests", "test\OpenTelemetry.Instrumentation.GrpcNetClient.Tests\OpenTelemetry.Instrumentation.GrpcNetClient.Tests.csproj", "{2E1A5759-1431-4724-8885-3E9447FBF617}"
EndProject
Project("{9A19103F-16F7-4668-BE54-9A1E7A4F7556}") = "OpenTelemetry.Instrumentation.AspNetCore", "src\OpenTelemetry.Instrumentation.AspNetCore\OpenTelemetry.Instrumentation.AspNetCore.csproj", "{A8FF0DEB-F371-42FC-8A53-A8C25FE408FC}"
EndProject
Project("{9A19103F-16F7-4668-BE54-9A1E7A4F7556}") = "OpenTelemetry.Instrumentation.AspNetCore.Tests", "test\OpenTelemetry.Instrumentation.AspNetCore.Tests\OpenTelemetry.Instrumentation.AspNetCore.Tests.csproj", "{917AEC46-816C-4E05-913E-F0F44C24C437}"
EndProject
Project("{9A19103F-16F7-4668-BE54-9A1E7A4F7556}") = "TestApp.AspNetCore", "test\TestApp.AspNetCore\TestApp.AspNetCore.csproj", "{1E743561-B1D4-4100-B6AD-1FD25FA8659B}"
EndProject
Project("{9A19103F-16F7-4668-BE54-9A1E7A4F7556}") = "OpenTelemetry.Instrumentation.AspNetCore.Benchmarks", "test\OpenTelemetry.Instrumentation.AspNetCore.Benchmarks\OpenTelemetry.Instrumentation.AspNetCore.Benchmarks.csproj", "{92CD1B60-74B8-4E6E-9E7F-83AC3C792980}"
EndProject
Project("{9A19103F-16F7-4668-BE54-9A1E7A4F7556}") = "OpenTelemetry.Contrib.Shared.Tests", "test\OpenTelemetry.Contrib.Shared.Tests\OpenTelemetry.Contrib.Shared.Tests.csproj", "{B13394D6-D3D7-453E-B91A-24C199F41C5E}"
EndProject
Project("{2150E333-8FDC-42A3-9474-1A3956D46DE8}") = "Shared", "Shared", "{70CA77D4-5D7F-4D70-A6B5-8AAC07A8EA3C}"
	ProjectSection(SolutionItems) = preProject
		test\Shared\ConsoleCommand.cs = test\Shared\ConsoleCommand.cs
		test\Shared\CustomTextMapPropagator.cs = test\Shared\CustomTextMapPropagator.cs
		test\Shared\EnabledOnDockerPlatformTheoryAttribute.cs = test\Shared\EnabledOnDockerPlatformTheoryAttribute.cs
		test\Shared\EventSourceTestHelper.cs = test\Shared\EventSourceTestHelper.cs
		test\Shared\InMemoryEventListener.cs = test\Shared\InMemoryEventListener.cs
		test\Shared\PerfTracepointListener.cs = test\Shared\PerfTracepointListener.cs
		test\Shared\PlatformHelpers.cs = test\Shared\PlatformHelpers.cs
		test\Shared\SkipUnlessEnvVarFoundFactAttribute.cs = test\Shared\SkipUnlessEnvVarFoundFactAttribute.cs
		test\Shared\SkipUnlessEnvVarFoundTheoryAttribute.cs = test\Shared\SkipUnlessEnvVarFoundTheoryAttribute.cs
		test\Shared\TestActivityExportProcessor.cs = test\Shared\TestActivityExportProcessor.cs
		test\Shared\TestActivityProcessor.cs = test\Shared\TestActivityProcessor.cs
		test\Shared\TestEventListener.cs = test\Shared\TestEventListener.cs
		test\Shared\TestHttpServer.cs = test\Shared\TestHttpServer.cs
		test\Shared\TestSampler.cs = test\Shared\TestSampler.cs
		test\Shared\TestTextMapPropagator.cs = test\Shared\TestTextMapPropagator.cs
		test\Shared\TestWebSocketServer.cs = test\Shared\TestWebSocketServer.cs
	EndProjectSection
EndProject
Project("{2150E333-8FDC-42A3-9474-1A3956D46DE8}") = "scripts", "scripts", "{45D29DAA-0DB9-4808-B879-1AECC37EF366}"
	ProjectSection(SolutionItems) = preProject
		build\scripts\add-labels.psm1 = build\scripts\add-labels.psm1
		build\scripts\build.psm1 = build\scripts\build.psm1
		build\scripts\finalize-publicapi.ps1 = build\scripts\finalize-publicapi.ps1
		build\scripts\post-release.psm1 = build\scripts\post-release.psm1
		build\scripts\prepare-release.psm1 = build\scripts\prepare-release.psm1
		build\scripts\sanitycheck.py = build\scripts\sanitycheck.py
		build\scripts\test-aot-compatibility.ps1 = build\scripts\test-aot-compatibility.ps1
		build\scripts\update-changelogs.ps1 = build\scripts\update-changelogs.ps1
	EndProjectSection
EndProject
Project("{2150E333-8FDC-42A3-9474-1A3956D46DE8}") = "ISSUE_TEMPLATE", "ISSUE_TEMPLATE", "{40373C78-0513-4067-A96B-96A851369761}"
	ProjectSection(SolutionItems) = preProject
		.github\ISSUE_TEMPLATE\bug_report.yml = .github\ISSUE_TEMPLATE\bug_report.yml
		.github\ISSUE_TEMPLATE\feature_request.yml = .github\ISSUE_TEMPLATE\feature_request.yml
		.github\ISSUE_TEMPLATE\release_request.yml = .github\ISSUE_TEMPLATE\release_request.yml
	EndProjectSection
EndProject
Project("{9A19103F-16F7-4668-BE54-9A1E7A4F7556}") = "OpenTelemetry.Instrumentation.ConfluentKafka", "src\OpenTelemetry.Instrumentation.ConfluentKafka\OpenTelemetry.Instrumentation.ConfluentKafka.csproj", "{96341E23-990E-4144-A7E3-9EF0DAFF3232}"
EndProject
Project("{9A19103F-16F7-4668-BE54-9A1E7A4F7556}") = "OpenTelemetry.Instrumentation.ConfluentKafka.Tests", "test\OpenTelemetry.Instrumentation.ConfluentKafka.Tests\OpenTelemetry.Instrumentation.ConfluentKafka.Tests.csproj", "{BE40900A-2859-471D-8802-21DFD73DDAA7}"
EndProject
Project("{2150E333-8FDC-42A3-9474-1A3956D46DE8}") = "kafka", "kafka", "{3A464E7A-42F3-44B0-B8D7-80521A7704A6}"
EndProject
Project("{9A19103F-16F7-4668-BE54-9A1E7A4F7556}") = "Examples.ConfluentKafka", "examples\kafka\Examples.ConfluentKafka.csproj", "{9B994669-E839-4C42-A0F1-DF9DD058C1DC}"
EndProject
Project("{9A19103F-16F7-4668-BE54-9A1E7A4F7556}") = "OpenTelemetry.Instrumentation.ServiceFabricRemoting", "src\OpenTelemetry.Instrumentation.ServiceFabricRemoting\OpenTelemetry.Instrumentation.ServiceFabricRemoting.csproj", "{91BA4FF0-50BC-49D0-976B-CBC9E5FE8337}"
EndProject
Project("{9A19103F-16F7-4668-BE54-9A1E7A4F7556}") = "OpenTelemetry.Instrumentation.ServiceFabricRemoting.Tests", "test\OpenTelemetry.Instrumentation.ServiceFabricRemoting.Tests\OpenTelemetry.Instrumentation.ServiceFabricRemoting.Tests.csproj", "{00C9F0B8-3D51-483C-821A-5889B38A144C}"
EndProject
Project("{FAE04EC0-301F-11D3-BF4B-00C04F79EFBC}") = "OpenTelemetry.OpAmp.Client", "src\OpenTelemetry.OpAmp.Client\OpenTelemetry.OpAmp.Client.csproj", "{B5AF4876-3970-4686-A4A9-4EA369843F1F}"
EndProject
Project("{FAE04EC0-301F-11D3-BF4B-00C04F79EFBC}") = "OpenTelemetry.OpAmp.Client.Tests", "test\OpenTelemetry.OpAmp.Client.Tests\OpenTelemetry.OpAmp.Client.Tests.csproj", "{044B896A-FDC6-422F-B349-483BDE19F685}"
EndProject
Project("{FAE04EC0-301F-11D3-BF4B-00C04F79EFBC}") = "OpenTelemetry.Contrib.Shared.Benchmarks", "test\OpenTelemetry.Contrib.Shared.Benchmarks\OpenTelemetry.Contrib.Shared.Benchmarks.csproj", "{4B1A2D22-C3EE-341A-D4AC-8B32F0F093FC}"
EndProject
Project("{2150E333-8FDC-42A3-9474-1A3956D46DE8}") = "AWS", "AWS", "{02EA681E-C7D8-13C7-8484-4AC65E1B71E8}"
	ProjectSection(SolutionItems) = preProject
		src\Shared\AWS\AWSSemanticConventions.Base.cs = src\Shared\AWS\AWSSemanticConventions.Base.cs
		src\Shared\AWS\AWSSemanticConventions.cs = src\Shared\AWS\AWSSemanticConventions.cs
		src\Shared\AWS\AWSSemanticConventions.Legacy.cs = src\Shared\AWS\AWSSemanticConventions.Legacy.cs
		src\Shared\AWS\AWSSemanticConventions.v1.28.0.cs = src\Shared\AWS\AWSSemanticConventions.v1.28.0.cs
		src\Shared\AWS\AWSSemanticConventions.v1.29.0.cs = src\Shared\AWS\AWSSemanticConventions.v1.29.0.cs
		src\Shared\AWS\SemanticConventionVersion.cs = src\Shared\AWS\SemanticConventionVersion.cs
	EndProjectSection
EndProject
Project("{FAE04EC0-301F-11D3-BF4B-00C04F79EFBC}") = "OpenTelemetry.Extensions.Enrichment.AspNetCore", "src\OpenTelemetry.Extensions.Enrichment.AspNetCore\OpenTelemetry.Extensions.Enrichment.AspNetCore.csproj", "{EB5F0E63-61E3-43AE-A383-48EA7878DA29}"
EndProject
Project("{FAE04EC0-301F-11D3-BF4B-00C04F79EFBC}") = "OpenTelemetry.Extensions.Enrichment.AspNetCore.Tests", "test\OpenTelemetry.Extensions.Enrichment.AspNetCore.Tests\OpenTelemetry.Extensions.Enrichment.AspNetCore.Tests.csproj", "{14D441DE-5C76-7700-152E-7E8E01E5CA19}"
EndProject
Project("{FAE04EC0-301F-11D3-BF4B-00C04F79EFBC}") = "OpenTelemetry.Extensions.Enrichment.Http", "src\OpenTelemetry.Extensions.Enrichment.Http\OpenTelemetry.Extensions.Enrichment.Http.csproj", "{85FCA45B-53B0-E1F2-7A29-16A6480E49E1}"
EndProject
Project("{FAE04EC0-301F-11D3-BF4B-00C04F79EFBC}") = "OpenTelemetry.Extensions.Enrichment.Http.Tests", "test\OpenTelemetry.Extensions.Enrichment.Http.Tests\OpenTelemetry.Extensions.Enrichment.Http.Tests.csproj", "{C3BEA811-A022-4ED7-A58E-D9B0ECDC9B53}"
EndProject
Global
	GlobalSection(SolutionConfigurationPlatforms) = preSolution
		Debug|Any CPU = Debug|Any CPU
		Release|Any CPU = Release|Any CPU
	EndGlobalSection
	GlobalSection(ProjectConfigurationPlatforms) = postSolution
		{CAD5C27A-D359-4086-9C4F-02204C084A8E}.Debug|Any CPU.ActiveCfg = Debug|Any CPU
		{CAD5C27A-D359-4086-9C4F-02204C084A8E}.Debug|Any CPU.Build.0 = Debug|Any CPU
		{CAD5C27A-D359-4086-9C4F-02204C084A8E}.Release|Any CPU.ActiveCfg = Release|Any CPU
		{CAD5C27A-D359-4086-9C4F-02204C084A8E}.Release|Any CPU.Build.0 = Release|Any CPU
		{21716C26-3B2A-4208-BDFB-8E58E2AF49EA}.Debug|Any CPU.ActiveCfg = Debug|Any CPU
		{21716C26-3B2A-4208-BDFB-8E58E2AF49EA}.Debug|Any CPU.Build.0 = Debug|Any CPU
		{21716C26-3B2A-4208-BDFB-8E58E2AF49EA}.Release|Any CPU.ActiveCfg = Release|Any CPU
		{21716C26-3B2A-4208-BDFB-8E58E2AF49EA}.Release|Any CPU.Build.0 = Release|Any CPU
		{3AF5D7E4-CA7D-401B-9729-A6D8F63B023C}.Debug|Any CPU.ActiveCfg = Debug|Any CPU
		{3AF5D7E4-CA7D-401B-9729-A6D8F63B023C}.Debug|Any CPU.Build.0 = Debug|Any CPU
		{3AF5D7E4-CA7D-401B-9729-A6D8F63B023C}.Release|Any CPU.ActiveCfg = Release|Any CPU
		{3AF5D7E4-CA7D-401B-9729-A6D8F63B023C}.Release|Any CPU.Build.0 = Release|Any CPU
		{2A7867E5-0FD6-42F8-B594-19E897EDA54C}.Debug|Any CPU.ActiveCfg = Debug|Any CPU
		{2A7867E5-0FD6-42F8-B594-19E897EDA54C}.Debug|Any CPU.Build.0 = Debug|Any CPU
		{2A7867E5-0FD6-42F8-B594-19E897EDA54C}.Release|Any CPU.ActiveCfg = Release|Any CPU
		{2A7867E5-0FD6-42F8-B594-19E897EDA54C}.Release|Any CPU.Build.0 = Release|Any CPU
		{E205AA70-36BD-461D-8B87-909ED1BCA721}.Debug|Any CPU.ActiveCfg = Debug|Any CPU
		{E205AA70-36BD-461D-8B87-909ED1BCA721}.Debug|Any CPU.Build.0 = Debug|Any CPU
		{E205AA70-36BD-461D-8B87-909ED1BCA721}.Release|Any CPU.ActiveCfg = Release|Any CPU
		{E205AA70-36BD-461D-8B87-909ED1BCA721}.Release|Any CPU.Build.0 = Release|Any CPU
		{D8C9AD2A-5C6A-46F5-A216-3D67E6C0FA94}.Debug|Any CPU.ActiveCfg = Debug|Any CPU
		{D8C9AD2A-5C6A-46F5-A216-3D67E6C0FA94}.Debug|Any CPU.Build.0 = Debug|Any CPU
		{D8C9AD2A-5C6A-46F5-A216-3D67E6C0FA94}.Release|Any CPU.ActiveCfg = Release|Any CPU
		{D8C9AD2A-5C6A-46F5-A216-3D67E6C0FA94}.Release|Any CPU.Build.0 = Release|Any CPU
		{9CE513AC-CFC5-4DD1-9F16-8719EDCE9BF9}.Debug|Any CPU.ActiveCfg = Debug|Any CPU
		{9CE513AC-CFC5-4DD1-9F16-8719EDCE9BF9}.Debug|Any CPU.Build.0 = Debug|Any CPU
		{9CE513AC-CFC5-4DD1-9F16-8719EDCE9BF9}.Release|Any CPU.ActiveCfg = Release|Any CPU
		{9CE513AC-CFC5-4DD1-9F16-8719EDCE9BF9}.Release|Any CPU.Build.0 = Release|Any CPU
		{970673DA-F308-4960-A58D-ECCEA44CEF6B}.Debug|Any CPU.ActiveCfg = Debug|Any CPU
		{970673DA-F308-4960-A58D-ECCEA44CEF6B}.Debug|Any CPU.Build.0 = Debug|Any CPU
		{970673DA-F308-4960-A58D-ECCEA44CEF6B}.Release|Any CPU.ActiveCfg = Release|Any CPU
		{970673DA-F308-4960-A58D-ECCEA44CEF6B}.Release|Any CPU.Build.0 = Release|Any CPU
		{CAB66B50-DAB6-49B8-83F9-6CCF520C4A36}.Debug|Any CPU.ActiveCfg = Debug|Any CPU
		{CAB66B50-DAB6-49B8-83F9-6CCF520C4A36}.Debug|Any CPU.Build.0 = Debug|Any CPU
		{CAB66B50-DAB6-49B8-83F9-6CCF520C4A36}.Release|Any CPU.ActiveCfg = Release|Any CPU
		{CAB66B50-DAB6-49B8-83F9-6CCF520C4A36}.Release|Any CPU.Build.0 = Release|Any CPU
		{76BAB24F-85DB-4FCE-89D0-EFB4185004C9}.Debug|Any CPU.ActiveCfg = Debug|Any CPU
		{76BAB24F-85DB-4FCE-89D0-EFB4185004C9}.Debug|Any CPU.Build.0 = Debug|Any CPU
		{76BAB24F-85DB-4FCE-89D0-EFB4185004C9}.Release|Any CPU.ActiveCfg = Release|Any CPU
		{76BAB24F-85DB-4FCE-89D0-EFB4185004C9}.Release|Any CPU.Build.0 = Release|Any CPU
		{F1591DEE-79C0-4161-85C2-1477B261D274}.Debug|Any CPU.ActiveCfg = Debug|Any CPU
		{F1591DEE-79C0-4161-85C2-1477B261D274}.Debug|Any CPU.Build.0 = Debug|Any CPU
		{F1591DEE-79C0-4161-85C2-1477B261D274}.Release|Any CPU.ActiveCfg = Release|Any CPU
		{F1591DEE-79C0-4161-85C2-1477B261D274}.Release|Any CPU.Build.0 = Release|Any CPU
		{2CFC0D07-7AEC-4BC3-96C4-A06A38DBF6DF}.Debug|Any CPU.ActiveCfg = Debug|Any CPU
		{2CFC0D07-7AEC-4BC3-96C4-A06A38DBF6DF}.Debug|Any CPU.Build.0 = Debug|Any CPU
		{2CFC0D07-7AEC-4BC3-96C4-A06A38DBF6DF}.Release|Any CPU.ActiveCfg = Release|Any CPU
		{2CFC0D07-7AEC-4BC3-96C4-A06A38DBF6DF}.Release|Any CPU.Build.0 = Release|Any CPU
		{37564EE6-F0A4-4F40-BB13-0BBFAC7F7F28}.Debug|Any CPU.ActiveCfg = Debug|Any CPU
		{37564EE6-F0A4-4F40-BB13-0BBFAC7F7F28}.Debug|Any CPU.Build.0 = Debug|Any CPU
		{37564EE6-F0A4-4F40-BB13-0BBFAC7F7F28}.Release|Any CPU.ActiveCfg = Release|Any CPU
		{37564EE6-F0A4-4F40-BB13-0BBFAC7F7F28}.Release|Any CPU.Build.0 = Release|Any CPU
		{6B3AA3F2-89A7-433F-918A-1E5E6AAF8423}.Debug|Any CPU.ActiveCfg = Debug|Any CPU
		{6B3AA3F2-89A7-433F-918A-1E5E6AAF8423}.Debug|Any CPU.Build.0 = Debug|Any CPU
		{6B3AA3F2-89A7-433F-918A-1E5E6AAF8423}.Release|Any CPU.ActiveCfg = Release|Any CPU
		{6B3AA3F2-89A7-433F-918A-1E5E6AAF8423}.Release|Any CPU.Build.0 = Release|Any CPU
		{96F5B85B-402B-4DFB-AF31-33D5A2EBE35B}.Debug|Any CPU.ActiveCfg = Debug|Any CPU
		{96F5B85B-402B-4DFB-AF31-33D5A2EBE35B}.Debug|Any CPU.Build.0 = Debug|Any CPU
		{96F5B85B-402B-4DFB-AF31-33D5A2EBE35B}.Release|Any CPU.ActiveCfg = Release|Any CPU
		{96F5B85B-402B-4DFB-AF31-33D5A2EBE35B}.Release|Any CPU.Build.0 = Release|Any CPU
		{970B604C-C57F-4767-A080-67976E69F76E}.Debug|Any CPU.ActiveCfg = Debug|Any CPU
		{970B604C-C57F-4767-A080-67976E69F76E}.Debug|Any CPU.Build.0 = Debug|Any CPU
		{970B604C-C57F-4767-A080-67976E69F76E}.Release|Any CPU.ActiveCfg = Release|Any CPU
		{970B604C-C57F-4767-A080-67976E69F76E}.Release|Any CPU.Build.0 = Release|Any CPU
		{D4468444-69EF-4BF3-B13F-61F4AB728813}.Debug|Any CPU.ActiveCfg = Debug|Any CPU
		{D4468444-69EF-4BF3-B13F-61F4AB728813}.Debug|Any CPU.Build.0 = Debug|Any CPU
		{D4468444-69EF-4BF3-B13F-61F4AB728813}.Release|Any CPU.ActiveCfg = Release|Any CPU
		{D4468444-69EF-4BF3-B13F-61F4AB728813}.Release|Any CPU.Build.0 = Release|Any CPU
		{A1F7FA66-C83D-485D-90FE-71C4018971D4}.Debug|Any CPU.ActiveCfg = Debug|Any CPU
		{A1F7FA66-C83D-485D-90FE-71C4018971D4}.Debug|Any CPU.Build.0 = Debug|Any CPU
		{A1F7FA66-C83D-485D-90FE-71C4018971D4}.Release|Any CPU.ActiveCfg = Release|Any CPU
		{A1F7FA66-C83D-485D-90FE-71C4018971D4}.Release|Any CPU.Build.0 = Release|Any CPU
		{D0B694E4-AAE4-492F-ACCB-3D913A874780}.Debug|Any CPU.ActiveCfg = Debug|Any CPU
		{D0B694E4-AAE4-492F-ACCB-3D913A874780}.Debug|Any CPU.Build.0 = Debug|Any CPU
		{D0B694E4-AAE4-492F-ACCB-3D913A874780}.Release|Any CPU.ActiveCfg = Release|Any CPU
		{D0B694E4-AAE4-492F-ACCB-3D913A874780}.Release|Any CPU.Build.0 = Release|Any CPU
		{32D24733-C807-4816-84C3-270CE790AFD4}.Debug|Any CPU.ActiveCfg = Debug|Any CPU
		{32D24733-C807-4816-84C3-270CE790AFD4}.Debug|Any CPU.Build.0 = Debug|Any CPU
		{32D24733-C807-4816-84C3-270CE790AFD4}.Release|Any CPU.ActiveCfg = Release|Any CPU
		{32D24733-C807-4816-84C3-270CE790AFD4}.Release|Any CPU.Build.0 = Release|Any CPU
		{2815DA76-D855-43FD-A005-FAB289B5EFE8}.Debug|Any CPU.ActiveCfg = Debug|Any CPU
		{2815DA76-D855-43FD-A005-FAB289B5EFE8}.Debug|Any CPU.Build.0 = Debug|Any CPU
		{2815DA76-D855-43FD-A005-FAB289B5EFE8}.Release|Any CPU.ActiveCfg = Release|Any CPU
		{2815DA76-D855-43FD-A005-FAB289B5EFE8}.Release|Any CPU.Build.0 = Release|Any CPU
		{D7311F9A-BFC3-4470-9C49-39D826BA9996}.Debug|Any CPU.ActiveCfg = Debug|Any CPU
		{D7311F9A-BFC3-4470-9C49-39D826BA9996}.Debug|Any CPU.Build.0 = Debug|Any CPU
		{D7311F9A-BFC3-4470-9C49-39D826BA9996}.Release|Any CPU.ActiveCfg = Release|Any CPU
		{D7311F9A-BFC3-4470-9C49-39D826BA9996}.Release|Any CPU.Build.0 = Release|Any CPU
		{67BFE7DF-505D-427E-8019-40BFF19363E9}.Debug|Any CPU.ActiveCfg = Debug|Any CPU
		{67BFE7DF-505D-427E-8019-40BFF19363E9}.Debug|Any CPU.Build.0 = Debug|Any CPU
		{67BFE7DF-505D-427E-8019-40BFF19363E9}.Release|Any CPU.ActiveCfg = Release|Any CPU
		{67BFE7DF-505D-427E-8019-40BFF19363E9}.Release|Any CPU.Build.0 = Release|Any CPU
		{6AE92AAD-CF08-4E60-98EF-A7F762DAAB4D}.Debug|Any CPU.ActiveCfg = Debug|Any CPU
		{6AE92AAD-CF08-4E60-98EF-A7F762DAAB4D}.Debug|Any CPU.Build.0 = Debug|Any CPU
		{6AE92AAD-CF08-4E60-98EF-A7F762DAAB4D}.Release|Any CPU.ActiveCfg = Release|Any CPU
		{6AE92AAD-CF08-4E60-98EF-A7F762DAAB4D}.Release|Any CPU.Build.0 = Release|Any CPU
		{42B3FB71-BB42-46E3-9CEC-56620CB76BD9}.Debug|Any CPU.ActiveCfg = Debug|Any CPU
		{42B3FB71-BB42-46E3-9CEC-56620CB76BD9}.Debug|Any CPU.Build.0 = Debug|Any CPU
		{42B3FB71-BB42-46E3-9CEC-56620CB76BD9}.Release|Any CPU.ActiveCfg = Release|Any CPU
		{42B3FB71-BB42-46E3-9CEC-56620CB76BD9}.Release|Any CPU.Build.0 = Release|Any CPU
		{2117F4E3-6612-4E4D-A757-27271EEB7783}.Debug|Any CPU.ActiveCfg = Debug|Any CPU
		{2117F4E3-6612-4E4D-A757-27271EEB7783}.Debug|Any CPU.Build.0 = Debug|Any CPU
		{2117F4E3-6612-4E4D-A757-27271EEB7783}.Release|Any CPU.ActiveCfg = Release|Any CPU
		{2117F4E3-6612-4E4D-A757-27271EEB7783}.Release|Any CPU.Build.0 = Release|Any CPU
		{498A6808-C0DF-441F-A764-51A3BC4B8FC5}.Debug|Any CPU.ActiveCfg = Debug|Any CPU
		{498A6808-C0DF-441F-A764-51A3BC4B8FC5}.Debug|Any CPU.Build.0 = Debug|Any CPU
		{498A6808-C0DF-441F-A764-51A3BC4B8FC5}.Release|Any CPU.ActiveCfg = Release|Any CPU
		{498A6808-C0DF-441F-A764-51A3BC4B8FC5}.Release|Any CPU.Build.0 = Release|Any CPU
		{FB41E19E-2682-4D07-BA59-FD5205AFA71E}.Debug|Any CPU.ActiveCfg = Debug|Any CPU
		{FB41E19E-2682-4D07-BA59-FD5205AFA71E}.Debug|Any CPU.Build.0 = Debug|Any CPU
		{FB41E19E-2682-4D07-BA59-FD5205AFA71E}.Release|Any CPU.ActiveCfg = Release|Any CPU
		{FB41E19E-2682-4D07-BA59-FD5205AFA71E}.Release|Any CPU.Build.0 = Release|Any CPU
		{1105C814-31DA-4214-BEA8-6DB5FC12C808}.Debug|Any CPU.ActiveCfg = Debug|Any CPU
		{1105C814-31DA-4214-BEA8-6DB5FC12C808}.Debug|Any CPU.Build.0 = Debug|Any CPU
		{1105C814-31DA-4214-BEA8-6DB5FC12C808}.Release|Any CPU.ActiveCfg = Release|Any CPU
		{1105C814-31DA-4214-BEA8-6DB5FC12C808}.Release|Any CPU.Build.0 = Release|Any CPU
		{F53FD7F5-DBC0-4FA5-83BA-B4C07A5BD248}.Debug|Any CPU.ActiveCfg = Debug|Any CPU
		{F53FD7F5-DBC0-4FA5-83BA-B4C07A5BD248}.Debug|Any CPU.Build.0 = Debug|Any CPU
		{F53FD7F5-DBC0-4FA5-83BA-B4C07A5BD248}.Release|Any CPU.ActiveCfg = Release|Any CPU
		{F53FD7F5-DBC0-4FA5-83BA-B4C07A5BD248}.Release|Any CPU.Build.0 = Release|Any CPU
		{F632DFB6-38AD-4356-8997-8CCC0492619C}.Debug|Any CPU.ActiveCfg = Debug|Any CPU
		{F632DFB6-38AD-4356-8997-8CCC0492619C}.Debug|Any CPU.Build.0 = Debug|Any CPU
		{F632DFB6-38AD-4356-8997-8CCC0492619C}.Release|Any CPU.ActiveCfg = Release|Any CPU
		{F632DFB6-38AD-4356-8997-8CCC0492619C}.Release|Any CPU.Build.0 = Release|Any CPU
		{A3EB4E60-256C-45EC-92EE-68FD035CAD11}.Debug|Any CPU.ActiveCfg = Debug|Any CPU
		{A3EB4E60-256C-45EC-92EE-68FD035CAD11}.Debug|Any CPU.Build.0 = Debug|Any CPU
		{A3EB4E60-256C-45EC-92EE-68FD035CAD11}.Release|Any CPU.ActiveCfg = Release|Any CPU
		{A3EB4E60-256C-45EC-92EE-68FD035CAD11}.Release|Any CPU.Build.0 = Release|Any CPU
		{BE5FFBBB-D73F-4071-92F4-F1694881604F}.Debug|Any CPU.ActiveCfg = Debug|Any CPU
		{BE5FFBBB-D73F-4071-92F4-F1694881604F}.Debug|Any CPU.Build.0 = Debug|Any CPU
		{BE5FFBBB-D73F-4071-92F4-F1694881604F}.Release|Any CPU.ActiveCfg = Release|Any CPU
		{BE5FFBBB-D73F-4071-92F4-F1694881604F}.Release|Any CPU.Build.0 = Release|Any CPU
		{ED774FC3-C1C0-44CD-BA41-686C04BEB3E5}.Debug|Any CPU.ActiveCfg = Debug|Any CPU
		{ED774FC3-C1C0-44CD-BA41-686C04BEB3E5}.Debug|Any CPU.Build.0 = Debug|Any CPU
		{ED774FC3-C1C0-44CD-BA41-686C04BEB3E5}.Release|Any CPU.ActiveCfg = Release|Any CPU
		{ED774FC3-C1C0-44CD-BA41-686C04BEB3E5}.Release|Any CPU.Build.0 = Release|Any CPU
		{BD3C6377-6F8D-47D6-9710-1681ED4E6772}.Debug|Any CPU.ActiveCfg = Debug|Any CPU
		{BD3C6377-6F8D-47D6-9710-1681ED4E6772}.Debug|Any CPU.Build.0 = Debug|Any CPU
		{BD3C6377-6F8D-47D6-9710-1681ED4E6772}.Release|Any CPU.ActiveCfg = Release|Any CPU
		{BD3C6377-6F8D-47D6-9710-1681ED4E6772}.Release|Any CPU.Build.0 = Release|Any CPU
		{77E7DDB9-32CF-450E-B596-E893149D07DD}.Debug|Any CPU.ActiveCfg = Debug|Any CPU
		{77E7DDB9-32CF-450E-B596-E893149D07DD}.Debug|Any CPU.Build.0 = Debug|Any CPU
		{77E7DDB9-32CF-450E-B596-E893149D07DD}.Release|Any CPU.ActiveCfg = Release|Any CPU
		{77E7DDB9-32CF-450E-B596-E893149D07DD}.Release|Any CPU.Build.0 = Release|Any CPU
		{14BAEC26-CCD1-44B5-94D7-F219057B0B4D}.Debug|Any CPU.ActiveCfg = Debug|Any CPU
		{14BAEC26-CCD1-44B5-94D7-F219057B0B4D}.Debug|Any CPU.Build.0 = Debug|Any CPU
		{14BAEC26-CCD1-44B5-94D7-F219057B0B4D}.Release|Any CPU.ActiveCfg = Release|Any CPU
		{14BAEC26-CCD1-44B5-94D7-F219057B0B4D}.Release|Any CPU.Build.0 = Release|Any CPU
		{2AD0F8EB-B7C8-4E87-8090-25BE190A0BD4}.Debug|Any CPU.ActiveCfg = Debug|Any CPU
		{2AD0F8EB-B7C8-4E87-8090-25BE190A0BD4}.Debug|Any CPU.Build.0 = Debug|Any CPU
		{2AD0F8EB-B7C8-4E87-8090-25BE190A0BD4}.Release|Any CPU.ActiveCfg = Release|Any CPU
		{2AD0F8EB-B7C8-4E87-8090-25BE190A0BD4}.Release|Any CPU.Build.0 = Release|Any CPU
		{DD471BEE-65B3-4D72-8A67-92F9C8E93CC1}.Debug|Any CPU.ActiveCfg = Debug|Any CPU
		{DD471BEE-65B3-4D72-8A67-92F9C8E93CC1}.Debug|Any CPU.Build.0 = Debug|Any CPU
		{DD471BEE-65B3-4D72-8A67-92F9C8E93CC1}.Release|Any CPU.ActiveCfg = Release|Any CPU
		{DD471BEE-65B3-4D72-8A67-92F9C8E93CC1}.Release|Any CPU.Build.0 = Release|Any CPU
		{EC83D37A-3704-4515-8EE8-4D007CD9E0A8}.Debug|Any CPU.ActiveCfg = Debug|Any CPU
		{EC83D37A-3704-4515-8EE8-4D007CD9E0A8}.Debug|Any CPU.Build.0 = Debug|Any CPU
		{EC83D37A-3704-4515-8EE8-4D007CD9E0A8}.Release|Any CPU.ActiveCfg = Release|Any CPU
		{EC83D37A-3704-4515-8EE8-4D007CD9E0A8}.Release|Any CPU.Build.0 = Release|Any CPU
		{969425CE-CB8F-462C-9126-597FC5B33E27}.Debug|Any CPU.ActiveCfg = Debug|Any CPU
		{969425CE-CB8F-462C-9126-597FC5B33E27}.Debug|Any CPU.Build.0 = Debug|Any CPU
		{969425CE-CB8F-462C-9126-597FC5B33E27}.Release|Any CPU.ActiveCfg = Release|Any CPU
		{969425CE-CB8F-462C-9126-597FC5B33E27}.Release|Any CPU.Build.0 = Release|Any CPU
		{582B70B5-0067-4D9A-ABF2-623F502BE9A9}.Debug|Any CPU.ActiveCfg = Debug|Any CPU
		{582B70B5-0067-4D9A-ABF2-623F502BE9A9}.Debug|Any CPU.Build.0 = Debug|Any CPU
		{582B70B5-0067-4D9A-ABF2-623F502BE9A9}.Release|Any CPU.ActiveCfg = Release|Any CPU
		{582B70B5-0067-4D9A-ABF2-623F502BE9A9}.Release|Any CPU.Build.0 = Release|Any CPU
		{F8629D9B-27C2-4B79-9EF7-DDE7E08CDD72}.Debug|Any CPU.ActiveCfg = Debug|Any CPU
		{F8629D9B-27C2-4B79-9EF7-DDE7E08CDD72}.Debug|Any CPU.Build.0 = Debug|Any CPU
		{F8629D9B-27C2-4B79-9EF7-DDE7E08CDD72}.Release|Any CPU.ActiveCfg = Release|Any CPU
		{F8629D9B-27C2-4B79-9EF7-DDE7E08CDD72}.Release|Any CPU.Build.0 = Release|Any CPU
		{9A4E3A68-904B-4835-A3C8-F664B73098DB}.Debug|Any CPU.ActiveCfg = Debug|Any CPU
		{9A4E3A68-904B-4835-A3C8-F664B73098DB}.Debug|Any CPU.Build.0 = Debug|Any CPU
		{9A4E3A68-904B-4835-A3C8-F664B73098DB}.Release|Any CPU.ActiveCfg = Release|Any CPU
		{9A4E3A68-904B-4835-A3C8-F664B73098DB}.Release|Any CPU.Build.0 = Release|Any CPU
		{9FF9B46A-AD93-4B3F-92DA-6FDCC98FEA91}.Debug|Any CPU.ActiveCfg = Debug|Any CPU
		{9FF9B46A-AD93-4B3F-92DA-6FDCC98FEA91}.Debug|Any CPU.Build.0 = Debug|Any CPU
		{9FF9B46A-AD93-4B3F-92DA-6FDCC98FEA91}.Release|Any CPU.ActiveCfg = Release|Any CPU
		{9FF9B46A-AD93-4B3F-92DA-6FDCC98FEA91}.Release|Any CPU.Build.0 = Release|Any CPU
		{AE12EFB7-4B1A-46B8-B89A-0375252B10B1}.Debug|Any CPU.ActiveCfg = Debug|Any CPU
		{AE12EFB7-4B1A-46B8-B89A-0375252B10B1}.Debug|Any CPU.Build.0 = Debug|Any CPU
		{AE12EFB7-4B1A-46B8-B89A-0375252B10B1}.Release|Any CPU.ActiveCfg = Release|Any CPU
		{AE12EFB7-4B1A-46B8-B89A-0375252B10B1}.Release|Any CPU.Build.0 = Release|Any CPU
		{DDA355A3-4D75-4F45-9A5E-E93C3EFB9896}.Debug|Any CPU.ActiveCfg = Debug|Any CPU
		{DDA355A3-4D75-4F45-9A5E-E93C3EFB9896}.Debug|Any CPU.Build.0 = Debug|Any CPU
		{DDA355A3-4D75-4F45-9A5E-E93C3EFB9896}.Release|Any CPU.ActiveCfg = Release|Any CPU
		{DDA355A3-4D75-4F45-9A5E-E93C3EFB9896}.Release|Any CPU.Build.0 = Release|Any CPU
		{F811262D-D78A-4C4A-8A31-FFC458164BF2}.Debug|Any CPU.ActiveCfg = Debug|Any CPU
		{F811262D-D78A-4C4A-8A31-FFC458164BF2}.Debug|Any CPU.Build.0 = Debug|Any CPU
		{F811262D-D78A-4C4A-8A31-FFC458164BF2}.Release|Any CPU.ActiveCfg = Release|Any CPU
		{F811262D-D78A-4C4A-8A31-FFC458164BF2}.Release|Any CPU.Build.0 = Release|Any CPU
		{61421ACF-5F90-491B-AFB3-14EF12CCA255}.Debug|Any CPU.ActiveCfg = Debug|Any CPU
		{61421ACF-5F90-491B-AFB3-14EF12CCA255}.Debug|Any CPU.Build.0 = Debug|Any CPU
		{61421ACF-5F90-491B-AFB3-14EF12CCA255}.Release|Any CPU.ActiveCfg = Release|Any CPU
		{61421ACF-5F90-491B-AFB3-14EF12CCA255}.Release|Any CPU.Build.0 = Release|Any CPU
		{0F18B7C8-B192-4236-9578-7AD02BFC7128}.Debug|Any CPU.ActiveCfg = Debug|Any CPU
		{0F18B7C8-B192-4236-9578-7AD02BFC7128}.Debug|Any CPU.Build.0 = Debug|Any CPU
		{0F18B7C8-B192-4236-9578-7AD02BFC7128}.Release|Any CPU.ActiveCfg = Release|Any CPU
		{0F18B7C8-B192-4236-9578-7AD02BFC7128}.Release|Any CPU.Build.0 = Release|Any CPU
		{B40B975E-78B2-4712-8B4D-BADA67DF0C0A}.Debug|Any CPU.ActiveCfg = Debug|Any CPU
		{B40B975E-78B2-4712-8B4D-BADA67DF0C0A}.Debug|Any CPU.Build.0 = Debug|Any CPU
		{B40B975E-78B2-4712-8B4D-BADA67DF0C0A}.Release|Any CPU.ActiveCfg = Release|Any CPU
		{B40B975E-78B2-4712-8B4D-BADA67DF0C0A}.Release|Any CPU.Build.0 = Release|Any CPU
		{C3B3BBAF-CC38-4D5C-AFA2-33184D07BF75}.Debug|Any CPU.ActiveCfg = Debug|Any CPU
		{C3B3BBAF-CC38-4D5C-AFA2-33184D07BF75}.Debug|Any CPU.Build.0 = Debug|Any CPU
		{C3B3BBAF-CC38-4D5C-AFA2-33184D07BF75}.Release|Any CPU.ActiveCfg = Release|Any CPU
		{C3B3BBAF-CC38-4D5C-AFA2-33184D07BF75}.Release|Any CPU.Build.0 = Release|Any CPU
		{BA58CC8B-F5CA-4DC7-A3A8-D01B2E10731E}.Debug|Any CPU.ActiveCfg = Debug|Any CPU
		{BA58CC8B-F5CA-4DC7-A3A8-D01B2E10731E}.Debug|Any CPU.Build.0 = Debug|Any CPU
		{BA58CC8B-F5CA-4DC7-A3A8-D01B2E10731E}.Release|Any CPU.ActiveCfg = Release|Any CPU
		{BA58CC8B-F5CA-4DC7-A3A8-D01B2E10731E}.Release|Any CPU.Build.0 = Release|Any CPU
		{3313F7DF-E3A5-4A7F-965D-86807A017131}.Debug|Any CPU.ActiveCfg = Debug|Any CPU
		{3313F7DF-E3A5-4A7F-965D-86807A017131}.Debug|Any CPU.Build.0 = Debug|Any CPU
		{3313F7DF-E3A5-4A7F-965D-86807A017131}.Release|Any CPU.ActiveCfg = Release|Any CPU
		{3313F7DF-E3A5-4A7F-965D-86807A017131}.Release|Any CPU.Build.0 = Release|Any CPU
		{FB48DC44-8C56-4329-9988-AEDF931E81E8}.Debug|Any CPU.ActiveCfg = Debug|Any CPU
		{FB48DC44-8C56-4329-9988-AEDF931E81E8}.Debug|Any CPU.Build.0 = Debug|Any CPU
		{FB48DC44-8C56-4329-9988-AEDF931E81E8}.Release|Any CPU.ActiveCfg = Release|Any CPU
		{FB48DC44-8C56-4329-9988-AEDF931E81E8}.Release|Any CPU.Build.0 = Release|Any CPU
		{B07DC3CB-F724-40A5-889A-DA6601F462F3}.Debug|Any CPU.ActiveCfg = Debug|Any CPU
		{B07DC3CB-F724-40A5-889A-DA6601F462F3}.Debug|Any CPU.Build.0 = Debug|Any CPU
		{B07DC3CB-F724-40A5-889A-DA6601F462F3}.Release|Any CPU.ActiveCfg = Release|Any CPU
		{B07DC3CB-F724-40A5-889A-DA6601F462F3}.Release|Any CPU.Build.0 = Release|Any CPU
		{DFC6A4A9-5262-4507-B747-CC6B814205E6}.Debug|Any CPU.ActiveCfg = Debug|Any CPU
		{DFC6A4A9-5262-4507-B747-CC6B814205E6}.Debug|Any CPU.Build.0 = Debug|Any CPU
		{DFC6A4A9-5262-4507-B747-CC6B814205E6}.Release|Any CPU.ActiveCfg = Release|Any CPU
		{DFC6A4A9-5262-4507-B747-CC6B814205E6}.Release|Any CPU.Build.0 = Release|Any CPU
		{73C10993-03AC-42F4-85BB-96EAAA8212D9}.Debug|Any CPU.ActiveCfg = Debug|Any CPU
		{73C10993-03AC-42F4-85BB-96EAAA8212D9}.Debug|Any CPU.Build.0 = Debug|Any CPU
		{73C10993-03AC-42F4-85BB-96EAAA8212D9}.Release|Any CPU.ActiveCfg = Release|Any CPU
		{73C10993-03AC-42F4-85BB-96EAAA8212D9}.Release|Any CPU.Build.0 = Release|Any CPU
		{61520801-1CAA-4041-A3EF-CFFB9D4A180B}.Debug|Any CPU.ActiveCfg = Debug|Any CPU
		{61520801-1CAA-4041-A3EF-CFFB9D4A180B}.Debug|Any CPU.Build.0 = Debug|Any CPU
		{61520801-1CAA-4041-A3EF-CFFB9D4A180B}.Release|Any CPU.ActiveCfg = Release|Any CPU
		{61520801-1CAA-4041-A3EF-CFFB9D4A180B}.Release|Any CPU.Build.0 = Release|Any CPU
		{5BA85306-64B8-4E04-90EB-7069C187E250}.Debug|Any CPU.ActiveCfg = Debug|Any CPU
		{5BA85306-64B8-4E04-90EB-7069C187E250}.Debug|Any CPU.Build.0 = Debug|Any CPU
		{5BA85306-64B8-4E04-90EB-7069C187E250}.Release|Any CPU.ActiveCfg = Release|Any CPU
		{5BA85306-64B8-4E04-90EB-7069C187E250}.Release|Any CPU.Build.0 = Release|Any CPU
		{5A7BE9DA-3582-49D8-A8E7-164C1E3CDB38}.Debug|Any CPU.ActiveCfg = Debug|Any CPU
		{5A7BE9DA-3582-49D8-A8E7-164C1E3CDB38}.Debug|Any CPU.Build.0 = Debug|Any CPU
		{5A7BE9DA-3582-49D8-A8E7-164C1E3CDB38}.Release|Any CPU.ActiveCfg = Release|Any CPU
		{5A7BE9DA-3582-49D8-A8E7-164C1E3CDB38}.Release|Any CPU.Build.0 = Release|Any CPU
		{EC73B88E-D544-4A6A-90D5-E291035FEA35}.Debug|Any CPU.ActiveCfg = Debug|Any CPU
		{EC73B88E-D544-4A6A-90D5-E291035FEA35}.Debug|Any CPU.Build.0 = Debug|Any CPU
		{EC73B88E-D544-4A6A-90D5-E291035FEA35}.Release|Any CPU.ActiveCfg = Release|Any CPU
		{EC73B88E-D544-4A6A-90D5-E291035FEA35}.Release|Any CPU.Build.0 = Release|Any CPU
		{74EF2C61-9176-4D4E-91D3-E17E28054FF8}.Debug|Any CPU.ActiveCfg = Debug|Any CPU
		{74EF2C61-9176-4D4E-91D3-E17E28054FF8}.Debug|Any CPU.Build.0 = Debug|Any CPU
		{74EF2C61-9176-4D4E-91D3-E17E28054FF8}.Release|Any CPU.ActiveCfg = Release|Any CPU
		{74EF2C61-9176-4D4E-91D3-E17E28054FF8}.Release|Any CPU.Build.0 = Release|Any CPU
		{C7215B69-0D77-4D52-AFBB-A6662249B3AC}.Debug|Any CPU.ActiveCfg = Debug|Any CPU
		{C7215B69-0D77-4D52-AFBB-A6662249B3AC}.Debug|Any CPU.Build.0 = Debug|Any CPU
		{C7215B69-0D77-4D52-AFBB-A6662249B3AC}.Release|Any CPU.ActiveCfg = Release|Any CPU
		{C7215B69-0D77-4D52-AFBB-A6662249B3AC}.Release|Any CPU.Build.0 = Release|Any CPU
		{54002B08-F6AE-4B2B-AB0C-86E5A05926A3}.Debug|Any CPU.ActiveCfg = Debug|Any CPU
		{54002B08-F6AE-4B2B-AB0C-86E5A05926A3}.Debug|Any CPU.Build.0 = Debug|Any CPU
		{54002B08-F6AE-4B2B-AB0C-86E5A05926A3}.Release|Any CPU.ActiveCfg = Release|Any CPU
		{54002B08-F6AE-4B2B-AB0C-86E5A05926A3}.Release|Any CPU.Build.0 = Release|Any CPU
		{48C29501-3FA2-46A7-B5BA-D282EA8F1274}.Debug|Any CPU.ActiveCfg = Debug|Any CPU
		{48C29501-3FA2-46A7-B5BA-D282EA8F1274}.Debug|Any CPU.Build.0 = Debug|Any CPU
		{48C29501-3FA2-46A7-B5BA-D282EA8F1274}.Release|Any CPU.ActiveCfg = Release|Any CPU
		{48C29501-3FA2-46A7-B5BA-D282EA8F1274}.Release|Any CPU.Build.0 = Release|Any CPU
		{C42868C8-968A-473F-AC39-AC97C5D47E84}.Debug|Any CPU.ActiveCfg = Debug|Any CPU
		{C42868C8-968A-473F-AC39-AC97C5D47E84}.Debug|Any CPU.Build.0 = Debug|Any CPU
		{C42868C8-968A-473F-AC39-AC97C5D47E84}.Release|Any CPU.ActiveCfg = Release|Any CPU
		{C42868C8-968A-473F-AC39-AC97C5D47E84}.Release|Any CPU.Build.0 = Release|Any CPU
		{9B7F7605-ADFF-4A47-9B64-FFF3E2EC9DEA}.Debug|Any CPU.ActiveCfg = Debug|Any CPU
		{9B7F7605-ADFF-4A47-9B64-FFF3E2EC9DEA}.Debug|Any CPU.Build.0 = Debug|Any CPU
		{9B7F7605-ADFF-4A47-9B64-FFF3E2EC9DEA}.Release|Any CPU.ActiveCfg = Release|Any CPU
		{9B7F7605-ADFF-4A47-9B64-FFF3E2EC9DEA}.Release|Any CPU.Build.0 = Release|Any CPU
		{71BABAC0-E299-48BF-93E2-C11C3840B037}.Debug|Any CPU.ActiveCfg = Debug|Any CPU
		{71BABAC0-E299-48BF-93E2-C11C3840B037}.Debug|Any CPU.Build.0 = Debug|Any CPU
		{71BABAC0-E299-48BF-93E2-C11C3840B037}.Release|Any CPU.ActiveCfg = Release|Any CPU
		{71BABAC0-E299-48BF-93E2-C11C3840B037}.Release|Any CPU.Build.0 = Release|Any CPU
		{DE898A1E-920E-476F-B0DB-A98AFD6E3BF4}.Debug|Any CPU.ActiveCfg = Debug|Any CPU
		{DE898A1E-920E-476F-B0DB-A98AFD6E3BF4}.Debug|Any CPU.Build.0 = Debug|Any CPU
		{DE898A1E-920E-476F-B0DB-A98AFD6E3BF4}.Release|Any CPU.ActiveCfg = Release|Any CPU
		{DE898A1E-920E-476F-B0DB-A98AFD6E3BF4}.Release|Any CPU.Build.0 = Release|Any CPU
		{FD5E9AC8-DC05-4C64-BDC6-D26F5552808E}.Debug|Any CPU.ActiveCfg = Debug|Any CPU
		{FD5E9AC8-DC05-4C64-BDC6-D26F5552808E}.Debug|Any CPU.Build.0 = Debug|Any CPU
		{FD5E9AC8-DC05-4C64-BDC6-D26F5552808E}.Release|Any CPU.ActiveCfg = Release|Any CPU
		{FD5E9AC8-DC05-4C64-BDC6-D26F5552808E}.Release|Any CPU.Build.0 = Release|Any CPU
		{4847A991-D0C3-4421-B0D3-EA189959E639}.Debug|Any CPU.ActiveCfg = Debug|Any CPU
		{4847A991-D0C3-4421-B0D3-EA189959E639}.Debug|Any CPU.Build.0 = Debug|Any CPU
		{4847A991-D0C3-4421-B0D3-EA189959E639}.Release|Any CPU.ActiveCfg = Release|Any CPU
		{4847A991-D0C3-4421-B0D3-EA189959E639}.Release|Any CPU.Build.0 = Release|Any CPU
		{B4951583-D432-4E87-85CF-498FDD6A35E6}.Debug|Any CPU.ActiveCfg = Debug|Any CPU
		{B4951583-D432-4E87-85CF-498FDD6A35E6}.Debug|Any CPU.Build.0 = Debug|Any CPU
		{B4951583-D432-4E87-85CF-498FDD6A35E6}.Release|Any CPU.ActiveCfg = Release|Any CPU
		{B4951583-D432-4E87-85CF-498FDD6A35E6}.Release|Any CPU.Build.0 = Release|Any CPU
		{31937862-0C88-41C0-AFD6-F97A7BF803A9}.Debug|Any CPU.ActiveCfg = Debug|Any CPU
		{31937862-0C88-41C0-AFD6-F97A7BF803A9}.Debug|Any CPU.Build.0 = Debug|Any CPU
		{31937862-0C88-41C0-AFD6-F97A7BF803A9}.Release|Any CPU.ActiveCfg = Release|Any CPU
		{31937862-0C88-41C0-AFD6-F97A7BF803A9}.Release|Any CPU.Build.0 = Release|Any CPU
		{23AA75F6-403F-4867-BF0E-BAF0A44F9A7A}.Debug|Any CPU.ActiveCfg = Debug|Any CPU
		{23AA75F6-403F-4867-BF0E-BAF0A44F9A7A}.Debug|Any CPU.Build.0 = Debug|Any CPU
		{23AA75F6-403F-4867-BF0E-BAF0A44F9A7A}.Release|Any CPU.ActiveCfg = Release|Any CPU
		{23AA75F6-403F-4867-BF0E-BAF0A44F9A7A}.Release|Any CPU.Build.0 = Release|Any CPU
		{7EDD3E93-6C86-4199-B3D2-44C0DF1EA3F6}.Debug|Any CPU.ActiveCfg = Debug|Any CPU
		{7EDD3E93-6C86-4199-B3D2-44C0DF1EA3F6}.Debug|Any CPU.Build.0 = Debug|Any CPU
		{7EDD3E93-6C86-4199-B3D2-44C0DF1EA3F6}.Release|Any CPU.ActiveCfg = Release|Any CPU
		{7EDD3E93-6C86-4199-B3D2-44C0DF1EA3F6}.Release|Any CPU.Build.0 = Release|Any CPU
		{2A51E621-BCFA-4D52-96D0-E16AFF48CBE5}.Debug|Any CPU.ActiveCfg = Debug|Any CPU
		{2A51E621-BCFA-4D52-96D0-E16AFF48CBE5}.Debug|Any CPU.Build.0 = Debug|Any CPU
		{2A51E621-BCFA-4D52-96D0-E16AFF48CBE5}.Release|Any CPU.ActiveCfg = Release|Any CPU
		{2A51E621-BCFA-4D52-96D0-E16AFF48CBE5}.Release|Any CPU.Build.0 = Release|Any CPU
		{A5FCDD8F-20FF-4657-804E-707EAD4FE31D}.Debug|Any CPU.ActiveCfg = Debug|Any CPU
		{A5FCDD8F-20FF-4657-804E-707EAD4FE31D}.Debug|Any CPU.Build.0 = Debug|Any CPU
		{A5FCDD8F-20FF-4657-804E-707EAD4FE31D}.Release|Any CPU.ActiveCfg = Release|Any CPU
		{A5FCDD8F-20FF-4657-804E-707EAD4FE31D}.Release|Any CPU.Build.0 = Release|Any CPU
		{A5EF701C-439E-407F-8BB4-394166000C6D}.Debug|Any CPU.ActiveCfg = Debug|Any CPU
		{A5EF701C-439E-407F-8BB4-394166000C6D}.Debug|Any CPU.Build.0 = Debug|Any CPU
		{A5EF701C-439E-407F-8BB4-394166000C6D}.Release|Any CPU.ActiveCfg = Release|Any CPU
		{A5EF701C-439E-407F-8BB4-394166000C6D}.Release|Any CPU.Build.0 = Release|Any CPU
		{F8E9EC7E-85A1-4C97-9C05-7EA82C1513A1}.Debug|Any CPU.ActiveCfg = Debug|Any CPU
		{F8E9EC7E-85A1-4C97-9C05-7EA82C1513A1}.Debug|Any CPU.Build.0 = Debug|Any CPU
		{F8E9EC7E-85A1-4C97-9C05-7EA82C1513A1}.Release|Any CPU.ActiveCfg = Release|Any CPU
		{F8E9EC7E-85A1-4C97-9C05-7EA82C1513A1}.Release|Any CPU.Build.0 = Release|Any CPU
		{62B7060A-C35B-4D49-A0C2-3BF02880A200}.Debug|Any CPU.ActiveCfg = Debug|Any CPU
		{62B7060A-C35B-4D49-A0C2-3BF02880A200}.Debug|Any CPU.Build.0 = Debug|Any CPU
		{62B7060A-C35B-4D49-A0C2-3BF02880A200}.Release|Any CPU.ActiveCfg = Release|Any CPU
		{62B7060A-C35B-4D49-A0C2-3BF02880A200}.Release|Any CPU.Build.0 = Release|Any CPU
		{033CA8D4-1529-413A-B244-07958D5F9A48}.Debug|Any CPU.ActiveCfg = Debug|Any CPU
		{033CA8D4-1529-413A-B244-07958D5F9A48}.Debug|Any CPU.Build.0 = Debug|Any CPU
		{033CA8D4-1529-413A-B244-07958D5F9A48}.Release|Any CPU.ActiveCfg = Release|Any CPU
		{033CA8D4-1529-413A-B244-07958D5F9A48}.Release|Any CPU.Build.0 = Release|Any CPU
		{36271347-2055-438E-9659-B71542A17A73}.Debug|Any CPU.ActiveCfg = Debug|Any CPU
		{36271347-2055-438E-9659-B71542A17A73}.Debug|Any CPU.Build.0 = Debug|Any CPU
		{36271347-2055-438E-9659-B71542A17A73}.Release|Any CPU.ActiveCfg = Release|Any CPU
		{36271347-2055-438E-9659-B71542A17A73}.Release|Any CPU.Build.0 = Release|Any CPU
		{7AD707F9-DC6D-430A-8834-D5DCD517BF6E}.Debug|Any CPU.ActiveCfg = Debug|Any CPU
		{7AD707F9-DC6D-430A-8834-D5DCD517BF6E}.Debug|Any CPU.Build.0 = Debug|Any CPU
		{7AD707F9-DC6D-430A-8834-D5DCD517BF6E}.Release|Any CPU.ActiveCfg = Release|Any CPU
		{7AD707F9-DC6D-430A-8834-D5DCD517BF6E}.Release|Any CPU.Build.0 = Release|Any CPU
		{CBC6D677-D1FF-470E-A244-477E8616A245}.Debug|Any CPU.ActiveCfg = Debug|Any CPU
		{CBC6D677-D1FF-470E-A244-477E8616A245}.Debug|Any CPU.Build.0 = Debug|Any CPU
		{CBC6D677-D1FF-470E-A244-477E8616A245}.Release|Any CPU.ActiveCfg = Release|Any CPU
		{CBC6D677-D1FF-470E-A244-477E8616A245}.Release|Any CPU.Build.0 = Release|Any CPU
		{EECE8D5F-C319-42E8-B37C-A41D6FF43E4A}.Debug|Any CPU.ActiveCfg = Debug|Any CPU
		{EECE8D5F-C319-42E8-B37C-A41D6FF43E4A}.Debug|Any CPU.Build.0 = Debug|Any CPU
		{EECE8D5F-C319-42E8-B37C-A41D6FF43E4A}.Release|Any CPU.ActiveCfg = Release|Any CPU
		{EECE8D5F-C319-42E8-B37C-A41D6FF43E4A}.Release|Any CPU.Build.0 = Release|Any CPU
		{737D1A9E-5A1A-4F4F-830B-E98ED100994C}.Debug|Any CPU.ActiveCfg = Debug|Any CPU
		{737D1A9E-5A1A-4F4F-830B-E98ED100994C}.Debug|Any CPU.Build.0 = Debug|Any CPU
		{737D1A9E-5A1A-4F4F-830B-E98ED100994C}.Release|Any CPU.ActiveCfg = Release|Any CPU
		{737D1A9E-5A1A-4F4F-830B-E98ED100994C}.Release|Any CPU.Build.0 = Release|Any CPU
		{9C996130-74D7-4FB7-8277-2EE6EBA2BFA6}.Debug|Any CPU.ActiveCfg = Debug|Any CPU
		{9C996130-74D7-4FB7-8277-2EE6EBA2BFA6}.Debug|Any CPU.Build.0 = Debug|Any CPU
		{9C996130-74D7-4FB7-8277-2EE6EBA2BFA6}.Release|Any CPU.ActiveCfg = Release|Any CPU
		{9C996130-74D7-4FB7-8277-2EE6EBA2BFA6}.Release|Any CPU.Build.0 = Release|Any CPU
		{BC1959E3-164E-42AE-AE1C-DE2E3046E27C}.Debug|Any CPU.ActiveCfg = Debug|Any CPU
		{BC1959E3-164E-42AE-AE1C-DE2E3046E27C}.Debug|Any CPU.Build.0 = Debug|Any CPU
		{BC1959E3-164E-42AE-AE1C-DE2E3046E27C}.Release|Any CPU.ActiveCfg = Release|Any CPU
		{BC1959E3-164E-42AE-AE1C-DE2E3046E27C}.Release|Any CPU.Build.0 = Release|Any CPU
		{BE92357F-DE09-477D-AFDB-6AD1D7AC7BA1}.Debug|Any CPU.ActiveCfg = Debug|Any CPU
		{BE92357F-DE09-477D-AFDB-6AD1D7AC7BA1}.Debug|Any CPU.Build.0 = Debug|Any CPU
		{BE92357F-DE09-477D-AFDB-6AD1D7AC7BA1}.Release|Any CPU.ActiveCfg = Release|Any CPU
		{BE92357F-DE09-477D-AFDB-6AD1D7AC7BA1}.Release|Any CPU.Build.0 = Release|Any CPU
		{7371E920-ECD0-403A-A009-7A1A301D9763}.Debug|Any CPU.ActiveCfg = Debug|Any CPU
		{7371E920-ECD0-403A-A009-7A1A301D9763}.Debug|Any CPU.Build.0 = Debug|Any CPU
		{7371E920-ECD0-403A-A009-7A1A301D9763}.Release|Any CPU.ActiveCfg = Release|Any CPU
		{7371E920-ECD0-403A-A009-7A1A301D9763}.Release|Any CPU.Build.0 = Release|Any CPU
		{1156D564-2E3C-47D6-97C1-FF3ADEDC41C8}.Debug|Any CPU.ActiveCfg = Debug|Any CPU
		{1156D564-2E3C-47D6-97C1-FF3ADEDC41C8}.Debug|Any CPU.Build.0 = Debug|Any CPU
		{1156D564-2E3C-47D6-97C1-FF3ADEDC41C8}.Release|Any CPU.ActiveCfg = Release|Any CPU
		{1156D564-2E3C-47D6-97C1-FF3ADEDC41C8}.Release|Any CPU.Build.0 = Release|Any CPU
		{0156E342-CE63-46F5-992D-691A7CCB50F8}.Debug|Any CPU.ActiveCfg = Debug|Any CPU
		{0156E342-CE63-46F5-992D-691A7CCB50F8}.Debug|Any CPU.Build.0 = Debug|Any CPU
		{0156E342-CE63-46F5-992D-691A7CCB50F8}.Release|Any CPU.ActiveCfg = Release|Any CPU
		{0156E342-CE63-46F5-992D-691A7CCB50F8}.Release|Any CPU.Build.0 = Release|Any CPU
		{2E1A5759-1431-4724-8885-3E9447FBF617}.Debug|Any CPU.ActiveCfg = Debug|Any CPU
		{2E1A5759-1431-4724-8885-3E9447FBF617}.Debug|Any CPU.Build.0 = Debug|Any CPU
		{2E1A5759-1431-4724-8885-3E9447FBF617}.Release|Any CPU.ActiveCfg = Release|Any CPU
		{2E1A5759-1431-4724-8885-3E9447FBF617}.Release|Any CPU.Build.0 = Release|Any CPU
		{A8FF0DEB-F371-42FC-8A53-A8C25FE408FC}.Debug|Any CPU.ActiveCfg = Debug|Any CPU
		{A8FF0DEB-F371-42FC-8A53-A8C25FE408FC}.Debug|Any CPU.Build.0 = Debug|Any CPU
		{A8FF0DEB-F371-42FC-8A53-A8C25FE408FC}.Release|Any CPU.ActiveCfg = Release|Any CPU
		{A8FF0DEB-F371-42FC-8A53-A8C25FE408FC}.Release|Any CPU.Build.0 = Release|Any CPU
		{917AEC46-816C-4E05-913E-F0F44C24C437}.Debug|Any CPU.ActiveCfg = Debug|Any CPU
		{917AEC46-816C-4E05-913E-F0F44C24C437}.Debug|Any CPU.Build.0 = Debug|Any CPU
		{917AEC46-816C-4E05-913E-F0F44C24C437}.Release|Any CPU.ActiveCfg = Release|Any CPU
		{917AEC46-816C-4E05-913E-F0F44C24C437}.Release|Any CPU.Build.0 = Release|Any CPU
		{1E743561-B1D4-4100-B6AD-1FD25FA8659B}.Debug|Any CPU.ActiveCfg = Debug|Any CPU
		{1E743561-B1D4-4100-B6AD-1FD25FA8659B}.Debug|Any CPU.Build.0 = Debug|Any CPU
		{1E743561-B1D4-4100-B6AD-1FD25FA8659B}.Release|Any CPU.ActiveCfg = Release|Any CPU
		{1E743561-B1D4-4100-B6AD-1FD25FA8659B}.Release|Any CPU.Build.0 = Release|Any CPU
		{92CD1B60-74B8-4E6E-9E7F-83AC3C792980}.Debug|Any CPU.ActiveCfg = Debug|Any CPU
		{92CD1B60-74B8-4E6E-9E7F-83AC3C792980}.Debug|Any CPU.Build.0 = Debug|Any CPU
		{92CD1B60-74B8-4E6E-9E7F-83AC3C792980}.Release|Any CPU.ActiveCfg = Release|Any CPU
		{92CD1B60-74B8-4E6E-9E7F-83AC3C792980}.Release|Any CPU.Build.0 = Release|Any CPU
		{B13394D6-D3D7-453E-B91A-24C199F41C5E}.Debug|Any CPU.ActiveCfg = Debug|Any CPU
		{B13394D6-D3D7-453E-B91A-24C199F41C5E}.Debug|Any CPU.Build.0 = Debug|Any CPU
		{B13394D6-D3D7-453E-B91A-24C199F41C5E}.Release|Any CPU.ActiveCfg = Release|Any CPU
		{B13394D6-D3D7-453E-B91A-24C199F41C5E}.Release|Any CPU.Build.0 = Release|Any CPU
		{96341E23-990E-4144-A7E3-9EF0DAFF3232}.Debug|Any CPU.ActiveCfg = Debug|Any CPU
		{96341E23-990E-4144-A7E3-9EF0DAFF3232}.Debug|Any CPU.Build.0 = Debug|Any CPU
		{96341E23-990E-4144-A7E3-9EF0DAFF3232}.Release|Any CPU.ActiveCfg = Release|Any CPU
		{96341E23-990E-4144-A7E3-9EF0DAFF3232}.Release|Any CPU.Build.0 = Release|Any CPU
		{BE40900A-2859-471D-8802-21DFD73DDAA7}.Debug|Any CPU.ActiveCfg = Debug|Any CPU
		{BE40900A-2859-471D-8802-21DFD73DDAA7}.Debug|Any CPU.Build.0 = Debug|Any CPU
		{BE40900A-2859-471D-8802-21DFD73DDAA7}.Release|Any CPU.ActiveCfg = Release|Any CPU
		{BE40900A-2859-471D-8802-21DFD73DDAA7}.Release|Any CPU.Build.0 = Release|Any CPU
		{9B994669-E839-4C42-A0F1-DF9DD058C1DC}.Debug|Any CPU.ActiveCfg = Debug|Any CPU
		{9B994669-E839-4C42-A0F1-DF9DD058C1DC}.Debug|Any CPU.Build.0 = Debug|Any CPU
		{9B994669-E839-4C42-A0F1-DF9DD058C1DC}.Release|Any CPU.ActiveCfg = Release|Any CPU
		{9B994669-E839-4C42-A0F1-DF9DD058C1DC}.Release|Any CPU.Build.0 = Release|Any CPU
		{91BA4FF0-50BC-49D0-976B-CBC9E5FE8337}.Debug|Any CPU.ActiveCfg = Debug|Any CPU
		{91BA4FF0-50BC-49D0-976B-CBC9E5FE8337}.Debug|Any CPU.Build.0 = Debug|Any CPU
		{91BA4FF0-50BC-49D0-976B-CBC9E5FE8337}.Release|Any CPU.ActiveCfg = Release|Any CPU
		{91BA4FF0-50BC-49D0-976B-CBC9E5FE8337}.Release|Any CPU.Build.0 = Release|Any CPU
		{00C9F0B8-3D51-483C-821A-5889B38A144C}.Debug|Any CPU.ActiveCfg = Debug|Any CPU
		{00C9F0B8-3D51-483C-821A-5889B38A144C}.Debug|Any CPU.Build.0 = Debug|Any CPU
		{00C9F0B8-3D51-483C-821A-5889B38A144C}.Release|Any CPU.ActiveCfg = Release|Any CPU
		{00C9F0B8-3D51-483C-821A-5889B38A144C}.Release|Any CPU.Build.0 = Release|Any CPU
		{B5AF4876-3970-4686-A4A9-4EA369843F1F}.Debug|Any CPU.ActiveCfg = Debug|Any CPU
		{B5AF4876-3970-4686-A4A9-4EA369843F1F}.Debug|Any CPU.Build.0 = Debug|Any CPU
		{B5AF4876-3970-4686-A4A9-4EA369843F1F}.Release|Any CPU.ActiveCfg = Release|Any CPU
		{B5AF4876-3970-4686-A4A9-4EA369843F1F}.Release|Any CPU.Build.0 = Release|Any CPU
		{044B896A-FDC6-422F-B349-483BDE19F685}.Debug|Any CPU.ActiveCfg = Debug|Any CPU
		{044B896A-FDC6-422F-B349-483BDE19F685}.Debug|Any CPU.Build.0 = Debug|Any CPU
		{044B896A-FDC6-422F-B349-483BDE19F685}.Release|Any CPU.ActiveCfg = Release|Any CPU
		{044B896A-FDC6-422F-B349-483BDE19F685}.Release|Any CPU.Build.0 = Release|Any CPU
		{4B1A2D22-C3EE-341A-D4AC-8B32F0F093FC}.Debug|Any CPU.ActiveCfg = Debug|Any CPU
		{4B1A2D22-C3EE-341A-D4AC-8B32F0F093FC}.Debug|Any CPU.Build.0 = Debug|Any CPU
		{4B1A2D22-C3EE-341A-D4AC-8B32F0F093FC}.Release|Any CPU.ActiveCfg = Release|Any CPU
		{4B1A2D22-C3EE-341A-D4AC-8B32F0F093FC}.Release|Any CPU.Build.0 = Release|Any CPU
		{EB5F0E63-61E3-43AE-A383-48EA7878DA29}.Debug|Any CPU.ActiveCfg = Debug|Any CPU
		{EB5F0E63-61E3-43AE-A383-48EA7878DA29}.Debug|Any CPU.Build.0 = Debug|Any CPU
		{EB5F0E63-61E3-43AE-A383-48EA7878DA29}.Release|Any CPU.ActiveCfg = Release|Any CPU
		{EB5F0E63-61E3-43AE-A383-48EA7878DA29}.Release|Any CPU.Build.0 = Release|Any CPU
		{14D441DE-5C76-7700-152E-7E8E01E5CA19}.Debug|Any CPU.ActiveCfg = Debug|Any CPU
		{14D441DE-5C76-7700-152E-7E8E01E5CA19}.Debug|Any CPU.Build.0 = Debug|Any CPU
		{14D441DE-5C76-7700-152E-7E8E01E5CA19}.Release|Any CPU.ActiveCfg = Release|Any CPU
		{14D441DE-5C76-7700-152E-7E8E01E5CA19}.Release|Any CPU.Build.0 = Release|Any CPU
		{85FCA45B-53B0-E1F2-7A29-16A6480E49E1}.Debug|Any CPU.ActiveCfg = Debug|Any CPU
		{85FCA45B-53B0-E1F2-7A29-16A6480E49E1}.Debug|Any CPU.Build.0 = Debug|Any CPU
		{85FCA45B-53B0-E1F2-7A29-16A6480E49E1}.Release|Any CPU.ActiveCfg = Release|Any CPU
		{85FCA45B-53B0-E1F2-7A29-16A6480E49E1}.Release|Any CPU.Build.0 = Release|Any CPU
		{C3BEA811-A022-4ED7-A58E-D9B0ECDC9B53}.Debug|Any CPU.ActiveCfg = Debug|Any CPU
		{C3BEA811-A022-4ED7-A58E-D9B0ECDC9B53}.Debug|Any CPU.Build.0 = Debug|Any CPU
		{C3BEA811-A022-4ED7-A58E-D9B0ECDC9B53}.Release|Any CPU.ActiveCfg = Release|Any CPU
		{C3BEA811-A022-4ED7-A58E-D9B0ECDC9B53}.Release|Any CPU.Build.0 = Release|Any CPU
	EndGlobalSection
	GlobalSection(SolutionProperties) = preSolution
		HideSolutionNode = FALSE
	EndGlobalSection
	GlobalSection(NestedProjects) = preSolution
		{43CAFE52-F329-4431-87DA-7FEE1454D9A9} = {1A06E14B-DD2F-4536-9D2E-F708C0C43555}
		{0112BD4F-B7A6-4E43-AB23-B6E961E27A49} = {824BD1DE-3FA8-4FE0-823A-FD365EAC78AF}
		{E0F52FDB-23D1-4927-BAB8-332655DD7A0B} = {824BD1DE-3FA8-4FE0-823A-FD365EAC78AF}
		{CAD5C27A-D359-4086-9C4F-02204C084A8E} = {22DF5DC0-1290-4E83-A9D8-6BB7DE3B3E63}
		{73474960-8F91-4EE5-8E3E-F7E7ADA99238} = {B75EE478-97F7-4E9F-9A5A-DB3D0988EDEA}
		{21716C26-3B2A-4208-BDFB-8E58E2AF49EA} = {73474960-8F91-4EE5-8E3E-F7E7ADA99238}
		{3AF5D7E4-CA7D-401B-9729-A6D8F63B023C} = {73474960-8F91-4EE5-8E3E-F7E7ADA99238}
		{2A7867E5-0FD6-42F8-B594-19E897EDA54C} = {73474960-8F91-4EE5-8E3E-F7E7ADA99238}
		{E205AA70-36BD-461D-8B87-909ED1BCA721} = {73474960-8F91-4EE5-8E3E-F7E7ADA99238}
		{D8C9AD2A-5C6A-46F5-A216-3D67E6C0FA94} = {22DF5DC0-1290-4E83-A9D8-6BB7DE3B3E63}
		{9CE513AC-CFC5-4DD1-9F16-8719EDCE9BF9} = {2097345F-4DD3-477D-BC54-A922F9B2B402}
		{970673DA-F308-4960-A58D-ECCEA44CEF6B} = {22DF5DC0-1290-4E83-A9D8-6BB7DE3B3E63}
		{CAB66B50-DAB6-49B8-83F9-6CCF520C4A36} = {2097345F-4DD3-477D-BC54-A922F9B2B402}
		{76BAB24F-85DB-4FCE-89D0-EFB4185004C9} = {2097345F-4DD3-477D-BC54-A922F9B2B402}
		{58D1DE55-B0A5-4BC4-AB37-09B1C7B26752} = {B75EE478-97F7-4E9F-9A5A-DB3D0988EDEA}
		{F1591DEE-79C0-4161-85C2-1477B261D274} = {58D1DE55-B0A5-4BC4-AB37-09B1C7B26752}
		{2CFC0D07-7AEC-4BC3-96C4-A06A38DBF6DF} = {22DF5DC0-1290-4E83-A9D8-6BB7DE3B3E63}
		{37564EE6-F0A4-4F40-BB13-0BBFAC7F7F28} = {2097345F-4DD3-477D-BC54-A922F9B2B402}
		{8D11A34C-D0EF-4DE1-8230-32168E67044D} = {B75EE478-97F7-4E9F-9A5A-DB3D0988EDEA}
		{6B3AA3F2-89A7-433F-918A-1E5E6AAF8423} = {8D11A34C-D0EF-4DE1-8230-32168E67044D}
		{96F5B85B-402B-4DFB-AF31-33D5A2EBE35B} = {22DF5DC0-1290-4E83-A9D8-6BB7DE3B3E63}
		{970B604C-C57F-4767-A080-67976E69F76E} = {2097345F-4DD3-477D-BC54-A922F9B2B402}
		{D4468444-69EF-4BF3-B13F-61F4AB728813} = {22DF5DC0-1290-4E83-A9D8-6BB7DE3B3E63}
		{A1F7FA66-C83D-485D-90FE-71C4018971D4} = {2097345F-4DD3-477D-BC54-A922F9B2B402}
		{D0B694E4-AAE4-492F-ACCB-3D913A874780} = {22DF5DC0-1290-4E83-A9D8-6BB7DE3B3E63}
		{32D24733-C807-4816-84C3-270CE790AFD4} = {2097345F-4DD3-477D-BC54-A922F9B2B402}
		{2815DA76-D855-43FD-A005-FAB289B5EFE8} = {22DF5DC0-1290-4E83-A9D8-6BB7DE3B3E63}
		{D7311F9A-BFC3-4470-9C49-39D826BA9996} = {2097345F-4DD3-477D-BC54-A922F9B2B402}
		{67BFE7DF-505D-427E-8019-40BFF19363E9} = {22DF5DC0-1290-4E83-A9D8-6BB7DE3B3E63}
		{6AE92AAD-CF08-4E60-98EF-A7F762DAAB4D} = {2097345F-4DD3-477D-BC54-A922F9B2B402}
		{42B3FB71-BB42-46E3-9CEC-56620CB76BD9} = {22DF5DC0-1290-4E83-A9D8-6BB7DE3B3E63}
		{2117F4E3-6612-4E4D-A757-27271EEB7783} = {2097345F-4DD3-477D-BC54-A922F9B2B402}
		{498A6808-C0DF-441F-A764-51A3BC4B8FC5} = {22DF5DC0-1290-4E83-A9D8-6BB7DE3B3E63}
		{FB41E19E-2682-4D07-BA59-FD5205AFA71E} = {2097345F-4DD3-477D-BC54-A922F9B2B402}
		{1105C814-31DA-4214-BEA8-6DB5FC12C808} = {22DF5DC0-1290-4E83-A9D8-6BB7DE3B3E63}
		{F53FD7F5-DBC0-4FA5-83BA-B4C07A5BD248} = {2097345F-4DD3-477D-BC54-A922F9B2B402}
		{F632DFB6-38AD-4356-8997-8CCC0492619C} = {2097345F-4DD3-477D-BC54-A922F9B2B402}
		{A3EB4E60-256C-45EC-92EE-68FD035CAD11} = {2097345F-4DD3-477D-BC54-A922F9B2B402}
		{BE5FFBBB-D73F-4071-92F4-F1694881604F} = {22DF5DC0-1290-4E83-A9D8-6BB7DE3B3E63}
		{ED774FC3-C1C0-44CD-BA41-686C04BEB3E5} = {2097345F-4DD3-477D-BC54-A922F9B2B402}
		{BD3C6377-6F8D-47D6-9710-1681ED4E6772} = {22DF5DC0-1290-4E83-A9D8-6BB7DE3B3E63}
		{77E7DDB9-32CF-450E-B596-E893149D07DD} = {2097345F-4DD3-477D-BC54-A922F9B2B402}
		{14BAEC26-CCD1-44B5-94D7-F219057B0B4D} = {22DF5DC0-1290-4E83-A9D8-6BB7DE3B3E63}
		{2AD0F8EB-B7C8-4E87-8090-25BE190A0BD4} = {2097345F-4DD3-477D-BC54-A922F9B2B402}
		{D8F9AEAC-6ACA-484E-81A5-9CEBEDBC3422} = {B75EE478-97F7-4E9F-9A5A-DB3D0988EDEA}
		{DD471BEE-65B3-4D72-8A67-92F9C8E93CC1} = {D8F9AEAC-6ACA-484E-81A5-9CEBEDBC3422}
		{EC83D37A-3704-4515-8EE8-4D007CD9E0A8} = {22DF5DC0-1290-4E83-A9D8-6BB7DE3B3E63}
		{969425CE-CB8F-462C-9126-597FC5B33E27} = {2097345F-4DD3-477D-BC54-A922F9B2B402}
		{582B70B5-0067-4D9A-ABF2-623F502BE9A9} = {22DF5DC0-1290-4E83-A9D8-6BB7DE3B3E63}
		{F8629D9B-27C2-4B79-9EF7-DDE7E08CDD72} = {2097345F-4DD3-477D-BC54-A922F9B2B402}
		{2B6D0764-5E66-423A-9943-B3A72FF181EA} = {B75EE478-97F7-4E9F-9A5A-DB3D0988EDEA}
		{9A4E3A68-904B-4835-A3C8-F664B73098DB} = {2B6D0764-5E66-423A-9943-B3A72FF181EA}
		{9FF9B46A-AD93-4B3F-92DA-6FDCC98FEA91} = {B75EE478-97F7-4E9F-9A5A-DB3D0988EDEA}
		{AE12EFB7-4B1A-46B8-B89A-0375252B10B1} = {22DF5DC0-1290-4E83-A9D8-6BB7DE3B3E63}
		{DDA355A3-4D75-4F45-9A5E-E93C3EFB9896} = {2097345F-4DD3-477D-BC54-A922F9B2B402}
		{F811262D-D78A-4C4A-8A31-FFC458164BF2} = {22DF5DC0-1290-4E83-A9D8-6BB7DE3B3E63}
		{61421ACF-5F90-491B-AFB3-14EF12CCA255} = {2097345F-4DD3-477D-BC54-A922F9B2B402}
		{0F18B7C8-B192-4236-9578-7AD02BFC7128} = {2097345F-4DD3-477D-BC54-A922F9B2B402}
		{B40B975E-78B2-4712-8B4D-BADA67DF0C0A} = {22DF5DC0-1290-4E83-A9D8-6BB7DE3B3E63}
		{C3B3BBAF-CC38-4D5C-AFA2-33184D07BF75} = {B75EE478-97F7-4E9F-9A5A-DB3D0988EDEA}
		{BA58CC8B-F5CA-4DC7-A3A8-D01B2E10731E} = {B75EE478-97F7-4E9F-9A5A-DB3D0988EDEA}
		{3313F7DF-E3A5-4A7F-965D-86807A017131} = {22DF5DC0-1290-4E83-A9D8-6BB7DE3B3E63}
		{FB48DC44-8C56-4329-9988-AEDF931E81E8} = {2097345F-4DD3-477D-BC54-A922F9B2B402}
		{B07DC3CB-F724-40A5-889A-DA6601F462F3} = {22DF5DC0-1290-4E83-A9D8-6BB7DE3B3E63}
		{DFC6A4A9-5262-4507-B747-CC6B814205E6} = {2097345F-4DD3-477D-BC54-A922F9B2B402}
		{73C10993-03AC-42F4-85BB-96EAAA8212D9} = {22DF5DC0-1290-4E83-A9D8-6BB7DE3B3E63}
		{61520801-1CAA-4041-A3EF-CFFB9D4A180B} = {2097345F-4DD3-477D-BC54-A922F9B2B402}
		{5BA85306-64B8-4E04-90EB-7069C187E250} = {22DF5DC0-1290-4E83-A9D8-6BB7DE3B3E63}
		{5A7BE9DA-3582-49D8-A8E7-164C1E3CDB38} = {2097345F-4DD3-477D-BC54-A922F9B2B402}
		{EC73B88E-D544-4A6A-90D5-E291035FEA35} = {22DF5DC0-1290-4E83-A9D8-6BB7DE3B3E63}
		{74EF2C61-9176-4D4E-91D3-E17E28054FF8} = {22DF5DC0-1290-4E83-A9D8-6BB7DE3B3E63}
		{C7215B69-0D77-4D52-AFBB-A6662249B3AC} = {2097345F-4DD3-477D-BC54-A922F9B2B402}
		{54002B08-F6AE-4B2B-AB0C-86E5A05926A3} = {22DF5DC0-1290-4E83-A9D8-6BB7DE3B3E63}
		{48C29501-3FA2-46A7-B5BA-D282EA8F1274} = {2097345F-4DD3-477D-BC54-A922F9B2B402}
		{C42868C8-968A-473F-AC39-AC97C5D47E84} = {2097345F-4DD3-477D-BC54-A922F9B2B402}
		{9B7F7605-ADFF-4A47-9B64-FFF3E2EC9DEA} = {93503FAF-D43D-48C0-818C-92EB90F7606B}
		{93503FAF-D43D-48C0-818C-92EB90F7606B} = {B75EE478-97F7-4E9F-9A5A-DB3D0988EDEA}
		{1FCC8EEC-9E75-4FEA-AFCF-363DD33FF0B9} = {22DF5DC0-1290-4E83-A9D8-6BB7DE3B3E63}
		{71BABAC0-E299-48BF-93E2-C11C3840B037} = {22DF5DC0-1290-4E83-A9D8-6BB7DE3B3E63}
		{DE898A1E-920E-476F-B0DB-A98AFD6E3BF4} = {2097345F-4DD3-477D-BC54-A922F9B2B402}
		{FD5E9AC8-DC05-4C64-BDC6-D26F5552808E} = {22DF5DC0-1290-4E83-A9D8-6BB7DE3B3E63}
		{4847A991-D0C3-4421-B0D3-EA189959E639} = {2097345F-4DD3-477D-BC54-A922F9B2B402}
		{2D354354-BAFB-490B-A26F-6A16A52A1A45} = {B75EE478-97F7-4E9F-9A5A-DB3D0988EDEA}
		{B4951583-D432-4E87-85CF-498FDD6A35E6} = {2D354354-BAFB-490B-A26F-6A16A52A1A45}
		{31937862-0C88-41C0-AFD6-F97A7BF803A9} = {2097345F-4DD3-477D-BC54-A922F9B2B402}
		{23AA75F6-403F-4867-BF0E-BAF0A44F9A7A} = {73474960-8F91-4EE5-8E3E-F7E7ADA99238}
		{9B30F5FD-3309-49CB-9CAD-D3372FAFD796} = {824BD1DE-3FA8-4FE0-823A-FD365EAC78AF}
		{048509D6-FB49-4B84-832A-90E55520B97B} = {824BD1DE-3FA8-4FE0-823A-FD365EAC78AF}
		{7EDD3E93-6C86-4199-B3D2-44C0DF1EA3F6} = {22DF5DC0-1290-4E83-A9D8-6BB7DE3B3E63}
		{2A51E621-BCFA-4D52-96D0-E16AFF48CBE5} = {2097345F-4DD3-477D-BC54-A922F9B2B402}
		{A5FCDD8F-20FF-4657-804E-707EAD4FE31D} = {22DF5DC0-1290-4E83-A9D8-6BB7DE3B3E63}
		{A5EF701C-439E-407F-8BB4-394166000C6D} = {2097345F-4DD3-477D-BC54-A922F9B2B402}
		{F8E9EC7E-85A1-4C97-9C05-7EA82C1513A1} = {22DF5DC0-1290-4E83-A9D8-6BB7DE3B3E63}
		{62B7060A-C35B-4D49-A0C2-3BF02880A200} = {2097345F-4DD3-477D-BC54-A922F9B2B402}
		{033CA8D4-1529-413A-B244-07958D5F9A48} = {22DF5DC0-1290-4E83-A9D8-6BB7DE3B3E63}
		{36271347-2055-438E-9659-B71542A17A73} = {2097345F-4DD3-477D-BC54-A922F9B2B402}
		{7AD707F9-DC6D-430A-8834-D5DCD517BF6E} = {2097345F-4DD3-477D-BC54-A922F9B2B402}
		{CBC6D677-D1FF-470E-A244-477E8616A245} = {22DF5DC0-1290-4E83-A9D8-6BB7DE3B3E63}
		{EECE8D5F-C319-42E8-B37C-A41D6FF43E4A} = {2097345F-4DD3-477D-BC54-A922F9B2B402}
		{737D1A9E-5A1A-4F4F-830B-E98ED100994C} = {22DF5DC0-1290-4E83-A9D8-6BB7DE3B3E63}
		{9C996130-74D7-4FB7-8277-2EE6EBA2BFA6} = {2097345F-4DD3-477D-BC54-A922F9B2B402}
		{BC1959E3-164E-42AE-AE1C-DE2E3046E27C} = {22DF5DC0-1290-4E83-A9D8-6BB7DE3B3E63}
		{BE92357F-DE09-477D-AFDB-6AD1D7AC7BA1} = {22DF5DC0-1290-4E83-A9D8-6BB7DE3B3E63}
		{7371E920-ECD0-403A-A009-7A1A301D9763} = {2097345F-4DD3-477D-BC54-A922F9B2B402}
		{1156D564-2E3C-47D6-97C1-FF3ADEDC41C8} = {2097345F-4DD3-477D-BC54-A922F9B2B402}
		{0156E342-CE63-46F5-992D-691A7CCB50F8} = {22DF5DC0-1290-4E83-A9D8-6BB7DE3B3E63}
		{2E1A5759-1431-4724-8885-3E9447FBF617} = {2097345F-4DD3-477D-BC54-A922F9B2B402}
		{A8FF0DEB-F371-42FC-8A53-A8C25FE408FC} = {22DF5DC0-1290-4E83-A9D8-6BB7DE3B3E63}
		{917AEC46-816C-4E05-913E-F0F44C24C437} = {2097345F-4DD3-477D-BC54-A922F9B2B402}
		{1E743561-B1D4-4100-B6AD-1FD25FA8659B} = {2097345F-4DD3-477D-BC54-A922F9B2B402}
		{92CD1B60-74B8-4E6E-9E7F-83AC3C792980} = {2097345F-4DD3-477D-BC54-A922F9B2B402}
		{B13394D6-D3D7-453E-B91A-24C199F41C5E} = {2097345F-4DD3-477D-BC54-A922F9B2B402}
		{70CA77D4-5D7F-4D70-A6B5-8AAC07A8EA3C} = {2097345F-4DD3-477D-BC54-A922F9B2B402}
		{45D29DAA-0DB9-4808-B879-1AECC37EF366} = {824BD1DE-3FA8-4FE0-823A-FD365EAC78AF}
		{40373C78-0513-4067-A96B-96A851369761} = {1A06E14B-DD2F-4536-9D2E-F708C0C43555}
		{96341E23-990E-4144-A7E3-9EF0DAFF3232} = {22DF5DC0-1290-4E83-A9D8-6BB7DE3B3E63}
		{BE40900A-2859-471D-8802-21DFD73DDAA7} = {2097345F-4DD3-477D-BC54-A922F9B2B402}
		{3A464E7A-42F3-44B0-B8D7-80521A7704A6} = {B75EE478-97F7-4E9F-9A5A-DB3D0988EDEA}
		{9B994669-E839-4C42-A0F1-DF9DD058C1DC} = {3A464E7A-42F3-44B0-B8D7-80521A7704A6}
		{91BA4FF0-50BC-49D0-976B-CBC9E5FE8337} = {22DF5DC0-1290-4E83-A9D8-6BB7DE3B3E63}
		{00C9F0B8-3D51-483C-821A-5889B38A144C} = {2097345F-4DD3-477D-BC54-A922F9B2B402}
		{B5AF4876-3970-4686-A4A9-4EA369843F1F} = {22DF5DC0-1290-4E83-A9D8-6BB7DE3B3E63}
		{044B896A-FDC6-422F-B349-483BDE19F685} = {2097345F-4DD3-477D-BC54-A922F9B2B402}
		{4B1A2D22-C3EE-341A-D4AC-8B32F0F093FC} = {2097345F-4DD3-477D-BC54-A922F9B2B402}
		{02EA681E-C7D8-13C7-8484-4AC65E1B71E8} = {1FCC8EEC-9E75-4FEA-AFCF-363DD33FF0B9}
		{EB5F0E63-61E3-43AE-A383-48EA7878DA29} = {22DF5DC0-1290-4E83-A9D8-6BB7DE3B3E63}
		{14D441DE-5C76-7700-152E-7E8E01E5CA19} = {2097345F-4DD3-477D-BC54-A922F9B2B402}
		{85FCA45B-53B0-E1F2-7A29-16A6480E49E1} = {22DF5DC0-1290-4E83-A9D8-6BB7DE3B3E63}
		{C3BEA811-A022-4ED7-A58E-D9B0ECDC9B53} = {2097345F-4DD3-477D-BC54-A922F9B2B402}
	EndGlobalSection
	GlobalSection(ExtensibilityGlobals) = postSolution
		SolutionGuid = {B0816796-CDB3-47D7-8C3C-946434DE3B66}
	EndGlobalSection
EndGlobal
