
Microsoft Visual Studio Solution File, Format Version 12.00
# Visual Studio Version 16
VisualStudioVersion = 16.0.30204.135
MinimumVisualStudioVersion = 15.0.26124.0
Project("{2150E333-8FDC-42A3-9474-1A3956D46DE8}") = "src", "src", "{22DF5DC0-1290-4E83-A9D8-6BB7DE3B3E63}"
EndProject
Project("{9A19103F-16F7-4668-BE54-9A1E7A4F7556}") = "OpenTelemetry.Exporter.Stackdriver", "src\OpenTelemetry.Exporter.Stackdriver\OpenTelemetry.Exporter.Stackdriver.csproj", "{D7F6B622-ED4B-4A3B-BAFD-24FB503666C2}"
EndProject
Project("{2150E333-8FDC-42A3-9474-1A3956D46DE8}") = "test", "test", "{2097345F-4DD3-477D-BC54-A922F9B2B402}"
EndProject
Project("{9A19103F-16F7-4668-BE54-9A1E7A4F7556}") = "OpenTelemetry.Exporter.Stackdriver.Tests", "test\OpenTelemetry.Exporter.Stackdriver.Tests\OpenTelemetry.Exporter.Stackdriver.Tests.csproj", "{39EF6946-9909-498D-9181-479DEF6CB4B7}"
EndProject
Project("{9A19103F-16F7-4668-BE54-9A1E7A4F7556}") = "OpenTelemetry.Instrumentation.Azure", "src\OpenTelemetry.Instrumentation.Azure\OpenTelemetry.Instrumentation.Azure.csproj", "{0E862C3A-89B1-4C3D-A2D5-579E38439C92}"
EndProject
Project("{2150E333-8FDC-42A3-9474-1A3956D46DE8}") = "Solution items", "Solution items", "{07AA0F83-22F6-4B8C-921D-029D3384CB17}"
	ProjectSection(SolutionItems) = preProject
		Directory.Build.props = Directory.Build.props
		Directory.Build.targets = Directory.Build.targets
		NuGet.config = NuGet.config
		OpenTelemetryContrib.proj = OpenTelemetryContrib.proj
	EndProjectSection
EndProject
Project("{2150E333-8FDC-42A3-9474-1A3956D46DE8}") = ".github", ".github", "{1A06E14B-DD2F-4536-9D2E-F708C0C43555}"
EndProject
Project("{2150E333-8FDC-42A3-9474-1A3956D46DE8}") = "workflows", "workflows", "{43CAFE52-F329-4431-87DA-7FEE1454D9A9}"
	ProjectSection(SolutionItems) = preProject
		.github\workflows\dotnet-core-cov.yml = .github\workflows\dotnet-core-cov.yml
		.github\workflows\dotnet-core-linux.yml = .github\workflows\dotnet-core-linux.yml
		.github\workflows\dotnet-core-win.yml = .github\workflows\dotnet-core-win.yml
		.github\workflows\dotnet-core.yml = .github\workflows\dotnet-core.yml
		.github\workflows\spellcheck.yml = .github\workflows\spellcheck.yml
	EndProjectSection
EndProject
Project("{2150E333-8FDC-42A3-9474-1A3956D46DE8}") = "build", "build", "{824BD1DE-3FA8-4FE0-823A-FD365EAC78AF}"
	ProjectSection(SolutionItems) = preProject
		build\Common.prod.props = build\Common.prod.props
		build\Common.test.props = build\Common.test.props
	EndProjectSection
EndProject
Project("{2150E333-8FDC-42A3-9474-1A3956D46DE8}") = "src", "src", "{0112BD4F-B7A6-4E43-AB23-B6E961E27A49}"
	ProjectSection(SolutionItems) = preProject
		src\Directory.Build.props = src\Directory.Build.props
		src\Directory.Build.targets = src\Directory.Build.targets
	EndProjectSection
EndProject
Project("{2150E333-8FDC-42A3-9474-1A3956D46DE8}") = "test", "test", "{E0F52FDB-23D1-4927-BAB8-332655DD7A0B}"
	ProjectSection(SolutionItems) = preProject
		test\Directory.Build.props = test\Directory.Build.props
		test\Directory.Build.targets = test\Directory.Build.targets
	EndProjectSection
EndProject
Global
	GlobalSection(SolutionConfigurationPlatforms) = preSolution
		Debug|Any CPU = Debug|Any CPU
		Debug|x64 = Debug|x64
		Debug|x86 = Debug|x86
		Release|Any CPU = Release|Any CPU
		Release|x64 = Release|x64
		Release|x86 = Release|x86
	EndGlobalSection
	GlobalSection(ProjectConfigurationPlatforms) = postSolution
		{D7F6B622-ED4B-4A3B-BAFD-24FB503666C2}.Debug|Any CPU.ActiveCfg = Debug|Any CPU
		{D7F6B622-ED4B-4A3B-BAFD-24FB503666C2}.Debug|Any CPU.Build.0 = Debug|Any CPU
		{D7F6B622-ED4B-4A3B-BAFD-24FB503666C2}.Debug|x64.ActiveCfg = Debug|Any CPU
		{D7F6B622-ED4B-4A3B-BAFD-24FB503666C2}.Debug|x64.Build.0 = Debug|Any CPU
		{D7F6B622-ED4B-4A3B-BAFD-24FB503666C2}.Debug|x86.ActiveCfg = Debug|Any CPU
		{D7F6B622-ED4B-4A3B-BAFD-24FB503666C2}.Debug|x86.Build.0 = Debug|Any CPU
		{D7F6B622-ED4B-4A3B-BAFD-24FB503666C2}.Release|Any CPU.ActiveCfg = Release|Any CPU
		{D7F6B622-ED4B-4A3B-BAFD-24FB503666C2}.Release|Any CPU.Build.0 = Release|Any CPU
		{D7F6B622-ED4B-4A3B-BAFD-24FB503666C2}.Release|x64.ActiveCfg = Release|Any CPU
		{D7F6B622-ED4B-4A3B-BAFD-24FB503666C2}.Release|x64.Build.0 = Release|Any CPU
		{D7F6B622-ED4B-4A3B-BAFD-24FB503666C2}.Release|x86.ActiveCfg = Release|Any CPU
		{D7F6B622-ED4B-4A3B-BAFD-24FB503666C2}.Release|x86.Build.0 = Release|Any CPU
		{39EF6946-9909-498D-9181-479DEF6CB4B7}.Debug|Any CPU.ActiveCfg = Debug|Any CPU
		{39EF6946-9909-498D-9181-479DEF6CB4B7}.Debug|Any CPU.Build.0 = Debug|Any CPU
		{39EF6946-9909-498D-9181-479DEF6CB4B7}.Debug|x64.ActiveCfg = Debug|Any CPU
		{39EF6946-9909-498D-9181-479DEF6CB4B7}.Debug|x64.Build.0 = Debug|Any CPU
		{39EF6946-9909-498D-9181-479DEF6CB4B7}.Debug|x86.ActiveCfg = Debug|Any CPU
		{39EF6946-9909-498D-9181-479DEF6CB4B7}.Debug|x86.Build.0 = Debug|Any CPU
		{39EF6946-9909-498D-9181-479DEF6CB4B7}.Release|Any CPU.ActiveCfg = Release|Any CPU
		{39EF6946-9909-498D-9181-479DEF6CB4B7}.Release|Any CPU.Build.0 = Release|Any CPU
		{39EF6946-9909-498D-9181-479DEF6CB4B7}.Release|x64.ActiveCfg = Release|Any CPU
		{39EF6946-9909-498D-9181-479DEF6CB4B7}.Release|x64.Build.0 = Release|Any CPU
		{39EF6946-9909-498D-9181-479DEF6CB4B7}.Release|x86.ActiveCfg = Release|Any CPU
		{39EF6946-9909-498D-9181-479DEF6CB4B7}.Release|x86.Build.0 = Release|Any CPU
		{0E862C3A-89B1-4C3D-A2D5-579E38439C92}.Debug|Any CPU.ActiveCfg = Debug|Any CPU
		{0E862C3A-89B1-4C3D-A2D5-579E38439C92}.Debug|Any CPU.Build.0 = Debug|Any CPU
		{0E862C3A-89B1-4C3D-A2D5-579E38439C92}.Debug|x64.ActiveCfg = Debug|Any CPU
		{0E862C3A-89B1-4C3D-A2D5-579E38439C92}.Debug|x64.Build.0 = Debug|Any CPU
		{0E862C3A-89B1-4C3D-A2D5-579E38439C92}.Debug|x86.ActiveCfg = Debug|Any CPU
		{0E862C3A-89B1-4C3D-A2D5-579E38439C92}.Debug|x86.Build.0 = Debug|Any CPU
		{0E862C3A-89B1-4C3D-A2D5-579E38439C92}.Release|Any CPU.ActiveCfg = Release|Any CPU
		{0E862C3A-89B1-4C3D-A2D5-579E38439C92}.Release|Any CPU.Build.0 = Release|Any CPU
		{0E862C3A-89B1-4C3D-A2D5-579E38439C92}.Release|x64.ActiveCfg = Release|Any CPU
		{0E862C3A-89B1-4C3D-A2D5-579E38439C92}.Release|x64.Build.0 = Release|Any CPU
		{0E862C3A-89B1-4C3D-A2D5-579E38439C92}.Release|x86.ActiveCfg = Release|Any CPU
		{0E862C3A-89B1-4C3D-A2D5-579E38439C92}.Release|x86.Build.0 = Release|Any CPU
	EndGlobalSection
	GlobalSection(SolutionProperties) = preSolution
		HideSolutionNode = FALSE
	EndGlobalSection
	GlobalSection(NestedProjects) = preSolution
		{D7F6B622-ED4B-4A3B-BAFD-24FB503666C2} = {22DF5DC0-1290-4E83-A9D8-6BB7DE3B3E63}
		{39EF6946-9909-498D-9181-479DEF6CB4B7} = {2097345F-4DD3-477D-BC54-A922F9B2B402}
		{0E862C3A-89B1-4C3D-A2D5-579E38439C92} = {22DF5DC0-1290-4E83-A9D8-6BB7DE3B3E63}
		{43CAFE52-F329-4431-87DA-7FEE1454D9A9} = {1A06E14B-DD2F-4536-9D2E-F708C0C43555}
		{0112BD4F-B7A6-4E43-AB23-B6E961E27A49} = {824BD1DE-3FA8-4FE0-823A-FD365EAC78AF}
		{E0F52FDB-23D1-4927-BAB8-332655DD7A0B} = {824BD1DE-3FA8-4FE0-823A-FD365EAC78AF}
	EndGlobalSection
	GlobalSection(ExtensibilityGlobals) = postSolution
		SolutionGuid = {B0816796-CDB3-47D7-8C3C-946434DE3B66}
	EndGlobalSection
EndGlobal
