Microsoft Visual Studio Solution File, Format Version 12.00
# Visual Studio Version 17
VisualStudioVersion = 17.5.2.0
MinimumVisualStudioVersion = 10.0.40219.1
Project("{FAE04EC0-301F-11D3-BF4B-00C04F79EFBC}") = "OpenTelemetry.Instrumentation.StackExchangeRedis", "OpenTelemetry.Instrumentation.StackExchangeRedis.csproj", "{DEF5424F-9468-C5F7-3F1C-86390D1EBEFA}"
EndProject
Global
	GlobalSection(SolutionConfigurationPlatforms) = preSolution
		Debug|Any CPU = Debug|Any CPU
		Release|Any CPU = Release|Any CPU
	EndGlobalSection
	GlobalSection(ProjectConfigurationPlatforms) = postSolution
		{DEF5424F-9468-C5F7-3F1C-86390D1EBEFA}.Debug|Any CPU.ActiveCfg = Debug|Any CPU
		{DEF5424F-9468-C5F7-3F1C-86390D1EBEFA}.Debug|Any CPU.Build.0 = Debug|Any CPU
		{DEF5424F-9468-C5F7-3F1C-86390D1EBEFA}.Release|Any CPU.ActiveCfg = Release|Any CPU
		{DEF5424F-9468-C5F7-3F1C-86390D1EBEFA}.Release|Any CPU.Build.0 = Release|Any CPU
	EndGlobalSection
	GlobalSection(SolutionProperties) = preSolution
		HideSolutionNode = FALSE
	EndGlobalSection
	GlobalSection(ExtensibilityGlobals) = postSolution
		SolutionGuid = {49D59EE1-9A6E-4FFE-8855-9BD3EBA6EAD4}
	EndGlobalSection
EndGlobal
